// !$*UTF8*$!
{
	archiveVersion = 1;
	classes = {
	};
	objectVersion = 48;
	objects = {

/* Begin PBXBuildFile section */
		59F8EC9F22E817D1CEDF0D1D /* libPods-cyAliPaySDK.a in Frameworks */ = {isa = PBXBuildFile; fileRef = C70B09C206CCDD17EF663062 /* libPods-cyAliPaySDK.a */; };
		D7CB3DDB2049286A0049B20A /* libWeChatSDK.a in Frameworks */ = {isa = PBXBuildFile; fileRef = D7CB3DCB2049286A0049B20A /* libWeChatSDK.a */; };
		D7CB3DDC2049286A0049B20A /* README.txt in Resources */ = {isa = PBXBuildFile; fileRef = D7CB3DCC2049286A0049B20A /* README.txt */; };
		D7CB3DDD2049286A0049B20A /* JKApiManager.m in Sources */ = {isa = PBXBuildFile; fileRef = D7CB3DD22049286A0049B20A /* JKApiManager.m */; };
		D7CB3DDE2049286A0049B20A /* JKWechatPayHandler.m in Sources */ = {isa = PBXBuildFile; fileRef = D7CB3DD52049286A0049B20A /* JKWechatPayHandler.m */; };
		D7CB3DDF2049286A0049B20A /* JKWechatSignAdaptor.m in Sources */ = {isa = PBXBuildFile; fileRef = D7CB3DD72049286A0049B20A /* JKWechatSignAdaptor.m */; };
		D7CB3DE02049286A0049B20A /* XMLDictionary.m in Sources */ = {isa = PBXBuildFile; fileRef = D7CB3DDA2049286A0049B20A /* XMLDictionary.m */; };
		D7D2FB60204503ED0082EFA3 /* AppDelegate.m in Sources */ = {isa = PBXBuildFile; fileRef = D7D2FB5F204503ED0082EFA3 /* AppDelegate.m */; };
		D7D2FB63204503ED0082EFA3 /* ViewController.m in Sources */ = {isa = PBXBuildFile; fileRef = D7D2FB62204503ED0082EFA3 /* ViewController.m */; };
		D7D2FB66204503ED0082EFA3 /* Main.storyboard in Resources */ = {isa = PBXBuildFile; fileRef = D7D2FB64204503ED0082EFA3 /* Main.storyboard */; };
		D7D2FB68204503ED0082EFA3 /* Assets.xcassets in Resources */ = {isa = PBXBuildFile; fileRef = D7D2FB67204503ED0082EFA3 /* Assets.xcassets */; };
		D7D2FB6B204503ED0082EFA3 /* LaunchScreen.storyboard in Resources */ = {isa = PBXBuildFile; fileRef = D7D2FB69204503ED0082EFA3 /* LaunchScreen.storyboard */; };
		D7D2FB6E204503ED0082EFA3 /* main.m in Sources */ = {isa = PBXBuildFile; fileRef = D7D2FB6D204503ED0082EFA3 /* main.m */; };
		D7D2FB78204503ED0082EFA3 /* cyAliPaySDKTests.m in Sources */ = {isa = PBXBuildFile; fileRef = D7D2FB77204503ED0082EFA3 /* cyAliPaySDKTests.m */; };
		D7D2FB83204503ED0082EFA3 /* cyAliPaySDKUITests.m in Sources */ = {isa = PBXBuildFile; fileRef = D7D2FB82204503ED0082EFA3 /* cyAliPaySDKUITests.m */; };
		D7D2FB92204503FF0082EFA3 /* AlipaySDK.framework in Frameworks */ = {isa = PBXBuildFile; fileRef = D7D2FB90204503FF0082EFA3 /* AlipaySDK.framework */; };
		D7D2FB93204503FF0082EFA3 /* AlipaySDK.bundle in Resources */ = {isa = PBXBuildFile; fileRef = D7D2FB91204503FF0082EFA3 /* AlipaySDK.bundle */; };
		D7D2FB962045041D0082EFA3 /* libc++.tbd in Frameworks */ = {isa = PBXBuildFile; fileRef = D7D2FB952045041D0082EFA3 /* libc++.tbd */; };
		D7D2FB98204504230082EFA3 /* libz.tbd in Frameworks */ = {isa = PBXBuildFile; fileRef = D7D2FB97204504230082EFA3 /* libz.tbd */; };
		D7D2FB9A2045042B0082EFA3 /* SystemConfiguration.framework in Frameworks */ = {isa = PBXBuildFile; fileRef = D7D2FB992045042B0082EFA3 /* SystemConfiguration.framework */; };
		D7D2FB9C2045043C0082EFA3 /* CoreTelephony.framework in Frameworks */ = {isa = PBXBuildFile; fileRef = D7D2FB9B2045043C0082EFA3 /* CoreTelephony.framework */; };
		D7D2FB9E204504460082EFA3 /* QuartzCore.framework in Frameworks */ = {isa = PBXBuildFile; fileRef = D7D2FB9D204504460082EFA3 /* QuartzCore.framework */; };
		D7D2FBA0204504510082EFA3 /* CoreText.framework in Frameworks */ = {isa = PBXBuildFile; fileRef = D7D2FB9F204504510082EFA3 /* CoreText.framework */; };
		D7D2FBA22045045A0082EFA3 /* CoreGraphics.framework in Frameworks */ = {isa = PBXBuildFile; fileRef = D7D2FBA12045045A0082EFA3 /* CoreGraphics.framework */; };
		D7D2FBA4204504630082EFA3 /* UIKit.framework in Frameworks */ = {isa = PBXBuildFile; fileRef = D7D2FBA3204504630082EFA3 /* UIKit.framework */; };
		D7D2FBA62045046C0082EFA3 /* Foundation.framework in Frameworks */ = {isa = PBXBuildFile; fileRef = D7D2FBA52045046C0082EFA3 /* Foundation.framework */; };
		D7D2FBA8204504730082EFA3 /* CFNetwork.framework in Frameworks */ = {isa = PBXBuildFile; fileRef = D7D2FBA7204504730082EFA3 /* CFNetwork.framework */; };
		D7D2FBAA2045047E0082EFA3 /* CoreMotion.framework in Frameworks */ = {isa = PBXBuildFile; fileRef = D7D2FBA92045047D0082EFA3 /* CoreMotion.framework */; };
		D7D2FBB0204504D00082EFA3 /* APRSASigner.m in Sources */ = {isa = PBXBuildFile; fileRef = D7D2FBAD204504D00082EFA3 /* APRSASigner.m */; };
		D7D2FBB1204504D00082EFA3 /* openssl_wrapper.m in Sources */ = {isa = PBXBuildFile; fileRef = D7D2FBAF204504D00082EFA3 /* openssl_wrapper.m */; };
		D7D2FBB4204505850082EFA3 /* libcrypto.a in Frameworks */ = {isa = PBXBuildFile; fileRef = D7D2FBB2204505850082EFA3 /* libcrypto.a */; };
		D7D2FBB5204505850082EFA3 /* libssl.a in Frameworks */ = {isa = PBXBuildFile; fileRef = D7D2FBB3204505850082EFA3 /* libssl.a */; };
		D7D2FC0D20450B660082EFA3 /* APOrderInfo.m in Sources */ = {isa = PBXBuildFile; fileRef = D7D2FC0B20450B660082EFA3 /* APOrderInfo.m */; };
		D7D2FC0E20450B660082EFA3 /* APAuthInfo.m in Sources */ = {isa = PBXBuildFile; fileRef = D7D2FC0C20450B660082EFA3 /* APAuthInfo.m */; };
		D7D2FC5C204538A80082EFA3 /* MOBFoundation.framework in Frameworks */ = {isa = PBXBuildFile; fileRef = D7D2FC11204538A80082EFA3 /* MOBFoundation.framework */; };
		D7D2FC5D204538A80082EFA3 /* ShareSDK.framework in Frameworks */ = {isa = PBXBuildFile; fileRef = D7D2FC13204538A80082EFA3 /* ShareSDK.framework */; };
		D7D2FC5E204538A80082EFA3 /* ShareSDKConfigFile.bundle in Resources */ = {isa = PBXBuildFile; fileRef = D7D2FC16204538A80082EFA3 /* ShareSDKConfigFile.bundle */; };
		D7D2FC5F204538A80082EFA3 /* ShareSDKConfigFile.framework in Frameworks */ = {isa = PBXBuildFile; fileRef = D7D2FC17204538A80082EFA3 /* ShareSDKConfigFile.framework */; };
		D7D2FC60204538A80082EFA3 /* ShareSDKExtension.framework in Frameworks */ = {isa = PBXBuildFile; fileRef = D7D2FC18204538A80082EFA3 /* ShareSDKExtension.framework */; };
		D7D2FC61204538A80082EFA3 /* ShareSDKUI.bundle in Resources */ = {isa = PBXBuildFile; fileRef = D7D2FC19204538A80082EFA3 /* ShareSDKUI.bundle */; };
		D7D2FC62204538A80082EFA3 /* ShareSDKUI.framework in Frameworks */ = {isa = PBXBuildFile; fileRef = D7D2FC1A204538A80082EFA3 /* ShareSDKUI.framework */; };
		D7D2FC63204538A80082EFA3 /* AliPayConnector.framework in Frameworks */ = {isa = PBXBuildFile; fileRef = D7D2FC1C204538A80082EFA3 /* AliPayConnector.framework */; };
		D7D2FC64204538A80082EFA3 /* CopyConnector.framework in Frameworks */ = {isa = PBXBuildFile; fileRef = D7D2FC1D204538A80082EFA3 /* CopyConnector.framework */; };
		D7D2FC65204538A80082EFA3 /* DingTalkConnector.framework in Frameworks */ = {isa = PBXBuildFile; fileRef = D7D2FC1E204538A80082EFA3 /* DingTalkConnector.framework */; };
		D7D2FC66204538A80082EFA3 /* DropboxConnector.framework in Frameworks */ = {isa = PBXBuildFile; fileRef = D7D2FC1F204538A80082EFA3 /* DropboxConnector.framework */; };
		D7D2FC67204538A80082EFA3 /* EvernoteConnector.framework in Frameworks */ = {isa = PBXBuildFile; fileRef = D7D2FC20204538A80082EFA3 /* EvernoteConnector.framework */; };
		D7D2FC68204538A80082EFA3 /* FacebookConnector.framework in Frameworks */ = {isa = PBXBuildFile; fileRef = D7D2FC21204538A80082EFA3 /* FacebookConnector.framework */; };
		D7D2FC69204538A80082EFA3 /* GooglePlusConnector.framework in Frameworks */ = {isa = PBXBuildFile; fileRef = D7D2FC22204538A80082EFA3 /* GooglePlusConnector.framework */; };
		D7D2FC6A204538A80082EFA3 /* InstagramConnector.framework in Frameworks */ = {isa = PBXBuildFile; fileRef = D7D2FC23204538A80082EFA3 /* InstagramConnector.framework */; };
		D7D2FC6B204538A80082EFA3 /* InstapaperConnector.framework in Frameworks */ = {isa = PBXBuildFile; fileRef = D7D2FC24204538A80082EFA3 /* InstapaperConnector.framework */; };
		D7D2FC6C204538A80082EFA3 /* KakaoConnector.framework in Frameworks */ = {isa = PBXBuildFile; fileRef = D7D2FC25204538A80082EFA3 /* KakaoConnector.framework */; };
		D7D2FC6D204538A80082EFA3 /* LineConnector.framework in Frameworks */ = {isa = PBXBuildFile; fileRef = D7D2FC26204538A80082EFA3 /* LineConnector.framework */; };
		D7D2FC6E204538A80082EFA3 /* MailConnector.framework in Frameworks */ = {isa = PBXBuildFile; fileRef = D7D2FC27204538A80082EFA3 /* MailConnector.framework */; };
		D7D2FC6F204538A80082EFA3 /* MeiPaiConnector.framework in Frameworks */ = {isa = PBXBuildFile; fileRef = D7D2FC28204538A80082EFA3 /* MeiPaiConnector.framework */; };
		D7D2FC70204538A80082EFA3 /* PrintConnector.framework in Frameworks */ = {isa = PBXBuildFile; fileRef = D7D2FC29204538A80082EFA3 /* PrintConnector.framework */; };
		D7D2FC71204538A80082EFA3 /* QQConnector.framework in Frameworks */ = {isa = PBXBuildFile; fileRef = D7D2FC2A204538A80082EFA3 /* QQConnector.framework */; };
		D7D2FC72204538A80082EFA3 /* RenrenConnector.framework in Frameworks */ = {isa = PBXBuildFile; fileRef = D7D2FC2B204538A80082EFA3 /* RenrenConnector.framework */; };
		D7D2FC73204538A80082EFA3 /* SinaWeiboConnector.framework in Frameworks */ = {isa = PBXBuildFile; fileRef = D7D2FC2C204538A80082EFA3 /* SinaWeiboConnector.framework */; };
		D7D2FC74204538A80082EFA3 /* SMSConnector.framework in Frameworks */ = {isa = PBXBuildFile; fileRef = D7D2FC2D204538A80082EFA3 /* SMSConnector.framework */; };
		D7D2FC75204538A80082EFA3 /* TwitterConnector.framework in Frameworks */ = {isa = PBXBuildFile; fileRef = D7D2FC2E204538A80082EFA3 /* TwitterConnector.framework */; };
		D7D2FC76204538A80082EFA3 /* WechatConnector.framework in Frameworks */ = {isa = PBXBuildFile; fileRef = D7D2FC2F204538A80082EFA3 /* WechatConnector.framework */; };
		D7D2FC77204538A80082EFA3 /* WhatsAppConnector.framework in Frameworks */ = {isa = PBXBuildFile; fileRef = D7D2FC30204538A80082EFA3 /* WhatsAppConnector.framework */; };
		D7D2FC78204538A80082EFA3 /* YiXinConnector.framework in Frameworks */ = {isa = PBXBuildFile; fileRef = D7D2FC31204538A80082EFA3 /* YiXinConnector.framework */; };
		D7D2FC79204538A80082EFA3 /* YouTubeConnector.framework in Frameworks */ = {isa = PBXBuildFile; fileRef = D7D2FC32204538A80082EFA3 /* YouTubeConnector.framework */; };
		D7D2FC7A204538A80082EFA3 /* libAPOpenSdk.a in Frameworks */ = {isa = PBXBuildFile; fileRef = D7D2FC37204538A80082EFA3 /* libAPOpenSdk.a */; };
		D7D2FC7B204538A80082EFA3 /* README.md in Resources */ = {isa = PBXBuildFile; fileRef = D7D2FC38204538A80082EFA3 /* README.md */; };
		D7D2FC7C204538A80082EFA3 /* DTShareKit.framework in Frameworks */ = {isa = PBXBuildFile; fileRef = D7D2FC3A204538A80082EFA3 /* DTShareKit.framework */; };
		D7D2FC7D204538A80082EFA3 /* Bolts.framework in Frameworks */ = {isa = PBXBuildFile; fileRef = D7D2FC3C204538A80082EFA3 /* Bolts.framework */; };
		D7D2FC7E204538A80082EFA3 /* FBSDKCoreKit.framework in Frameworks */ = {isa = PBXBuildFile; fileRef = D7D2FC3D204538A80082EFA3 /* FBSDKCoreKit.framework */; };
		D7D2FC7F204538A80082EFA3 /* FBSDKMessengerShareKit.framework in Frameworks */ = {isa = PBXBuildFile; fileRef = D7D2FC3E204538A80082EFA3 /* FBSDKMessengerShareKit.framework */; };
		D7D2FC80204538A80082EFA3 /* KakaoOpenSDK.framework in Frameworks */ = {isa = PBXBuildFile; fileRef = D7D2FC40204538A80082EFA3 /* KakaoOpenSDK.framework */; };
		D7D2FC81204538A80082EFA3 /* LineSDK.framework in Frameworks */ = {isa = PBXBuildFile; fileRef = D7D2FC42204538A80082EFA3 /* LineSDK.framework */; };
		D7D2FC82204538A80082EFA3 /* MPShareSDK.framework in Frameworks */ = {isa = PBXBuildFile; fileRef = D7D2FC44204538A80082EFA3 /* MPShareSDK.framework */; };
		D7D2FC83204538A80082EFA3 /* TencentOpenAPI.framework in Frameworks */ = {isa = PBXBuildFile; fileRef = D7D2FC46204538A80082EFA3 /* TencentOpenAPI.framework */; };
		D7D2FC84204538A80082EFA3 /* RennSDK.bundle in Resources */ = {isa = PBXBuildFile; fileRef = D7D2FC48204538A80082EFA3 /* RennSDK.bundle */; };
		D7D2FC85204538A80082EFA3 /* RennSDK.framework in Frameworks */ = {isa = PBXBuildFile; fileRef = D7D2FC49204538A80082EFA3 /* RennSDK.framework */; };
		D7D2FC86204538A80082EFA3 /* libWeiboSDK.a in Frameworks */ = {isa = PBXBuildFile; fileRef = D7D2FC4B204538A80082EFA3 /* libWeiboSDK.a */; };
		D7D2FC87204538A80082EFA3 /* WeiboSDK.bundle in Resources */ = {isa = PBXBuildFile; fileRef = D7D2FC4D204538A80082EFA3 /* WeiboSDK.bundle */; };
		D7D2FC8A204538A80082EFA3 /* libYixinSDK.a in Frameworks */ = {isa = PBXBuildFile; fileRef = D7D2FC56204538A80082EFA3 /* libYixinSDK.a */; };
		D7D2FC8B204538A80082EFA3 /* ShareSDK.bundle in Resources */ = {isa = PBXBuildFile; fileRef = D7D2FC5A204538A80082EFA3 /* ShareSDK.bundle */; };
		D7D2FC8C204538A80082EFA3 /* ShareSDKConnector.framework in Frameworks */ = {isa = PBXBuildFile; fileRef = D7D2FC5B204538A80082EFA3 /* ShareSDKConnector.framework */; };
		D7D2FC8E204539250082EFA3 /* libicucore.tbd in Frameworks */ = {isa = PBXBuildFile; fileRef = D7D2FC8D204539250082EFA3 /* libicucore.tbd */; };
		D7D2FC902045392E0082EFA3 /* JavaScriptCore.framework in Frameworks */ = {isa = PBXBuildFile; fileRef = D7D2FC8F2045392E0082EFA3 /* JavaScriptCore.framework */; };
		D7D2FC922045393A0082EFA3 /* libstdc++.tbd in Frameworks */ = {isa = PBXBuildFile; fileRef = D7D2FC912045393A0082EFA3 /* libstdc++.tbd */; };
		D7D2FC942045394A0082EFA3 /* libsqlite3.tbd in Frameworks */ = {isa = PBXBuildFile; fileRef = D7D2FC932045394A0082EFA3 /* libsqlite3.tbd */; };
		D7D2FC962045395A0082EFA3 /* ImageIO.framework in Frameworks */ = {isa = PBXBuildFile; fileRef = D7D2FC952045395A0082EFA3 /* ImageIO.framework */; };
/* End PBXBuildFile section */

/* Begin PBXContainerItemProxy section */
		D7D2FB74204503ED0082EFA3 /* PBXContainerItemProxy */ = {
			isa = PBXContainerItemProxy;
			containerPortal = D7D2FB53204503ED0082EFA3 /* Project object */;
			proxyType = 1;
			remoteGlobalIDString = D7D2FB5A204503ED0082EFA3;
			remoteInfo = cyAliPaySDK;
		};
		D7D2FB7F204503ED0082EFA3 /* PBXContainerItemProxy */ = {
			isa = PBXContainerItemProxy;
			containerPortal = D7D2FB53204503ED0082EFA3 /* Project object */;
			proxyType = 1;
			remoteGlobalIDString = D7D2FB5A204503ED0082EFA3;
			remoteInfo = cyAliPaySDK;
		};
/* End PBXContainerItemProxy section */

/* Begin PBXFileReference section */
		25A857EA592DDA5A45DA0ABD /* Pods-cyAliPaySDK.release.xcconfig */ = {isa = PBXFileReference; includeInIndex = 1; lastKnownFileType = text.xcconfig; name = "Pods-cyAliPaySDK.release.xcconfig"; path = "Pods/Target Support Files/Pods-cyAliPaySDK/Pods-cyAliPaySDK.release.xcconfig"; sourceTree = "<group>"; };
		8CD1A189FDE0C6033A1037DC /* Pods-cyAliPaySDK.debug.xcconfig */ = {isa = PBXFileReference; includeInIndex = 1; lastKnownFileType = text.xcconfig; name = "Pods-cyAliPaySDK.debug.xcconfig"; path = "Pods/Target Support Files/Pods-cyAliPaySDK/Pods-cyAliPaySDK.debug.xcconfig"; sourceTree = "<group>"; };
		C70B09C206CCDD17EF663062 /* libPods-cyAliPaySDK.a */ = {isa = PBXFileReference; explicitFileType = archive.ar; includeInIndex = 0; path = "libPods-cyAliPaySDK.a"; sourceTree = BUILT_PRODUCTS_DIR; };
		D7CB3DCB2049286A0049B20A /* libWeChatSDK.a */ = {isa = PBXFileReference; lastKnownFileType = archive.ar; path = libWeChatSDK.a; sourceTree = "<group>"; };
		D7CB3DCC2049286A0049B20A /* README.txt */ = {isa = PBXFileReference; fileEncoding = 4; lastKnownFileType = text; path = README.txt; sourceTree = "<group>"; };
		D7CB3DCD2049286A0049B20A /* WechatAuthSDK.h */ = {isa = PBXFileReference; fileEncoding = 4; lastKnownFileType = sourcecode.c.h; path = WechatAuthSDK.h; sourceTree = "<group>"; };
		D7CB3DCE2049286A0049B20A /* WXApi.h */ = {isa = PBXFileReference; fileEncoding = 4; lastKnownFileType = sourcecode.c.h; path = WXApi.h; sourceTree = "<group>"; };
		D7CB3DCF2049286A0049B20A /* WXApiObject.h */ = {isa = PBXFileReference; fileEncoding = 4; lastKnownFileType = sourcecode.c.h; path = WXApiObject.h; sourceTree = "<group>"; };
		D7CB3DD12049286A0049B20A /* JKApiManager.h */ = {isa = PBXFileReference; fileEncoding = 4; lastKnownFileType = sourcecode.c.h; path = JKApiManager.h; sourceTree = "<group>"; };
		D7CB3DD22049286A0049B20A /* JKApiManager.m */ = {isa = PBXFileReference; fileEncoding = 4; lastKnownFileType = sourcecode.c.objc; path = JKApiManager.m; sourceTree = "<group>"; };
		D7CB3DD32049286A0049B20A /* JKWechatConfig.h */ = {isa = PBXFileReference; fileEncoding = 4; lastKnownFileType = sourcecode.c.h; path = JKWechatConfig.h; sourceTree = "<group>"; };
		D7CB3DD42049286A0049B20A /* JKWechatPayHandler.h */ = {isa = PBXFileReference; fileEncoding = 4; lastKnownFileType = sourcecode.c.h; path = JKWechatPayHandler.h; sourceTree = "<group>"; };
		D7CB3DD52049286A0049B20A /* JKWechatPayHandler.m */ = {isa = PBXFileReference; fileEncoding = 4; lastKnownFileType = sourcecode.c.objc; path = JKWechatPayHandler.m; sourceTree = "<group>"; };
		D7CB3DD62049286A0049B20A /* JKWechatSignAdaptor.h */ = {isa = PBXFileReference; fileEncoding = 4; lastKnownFileType = sourcecode.c.h; path = JKWechatSignAdaptor.h; sourceTree = "<group>"; };
		D7CB3DD72049286A0049B20A /* JKWechatSignAdaptor.m */ = {isa = PBXFileReference; fileEncoding = 4; lastKnownFileType = sourcecode.c.objc; path = JKWechatSignAdaptor.m; sourceTree = "<group>"; };
		D7CB3DD92049286A0049B20A /* XMLDictionary.h */ = {isa = PBXFileReference; fileEncoding = 4; lastKnownFileType = sourcecode.c.h; path = XMLDictionary.h; sourceTree = "<group>"; };
		D7CB3DDA2049286A0049B20A /* XMLDictionary.m */ = {isa = PBXFileReference; fileEncoding = 4; lastKnownFileType = sourcecode.c.objc; path = XMLDictionary.m; sourceTree = "<group>"; };
		D7CB3DE120492BDE0049B20A /* JKWeChatPayPrefixHeader.pch */ = {isa = PBXFileReference; fileEncoding = 4; lastKnownFileType = sourcecode.c.h; path = JKWeChatPayPrefixHeader.pch; sourceTree = "<group>"; };
		D7D2FB5B204503ED0082EFA3 /* cyAliPaySDK.app */ = {isa = PBXFileReference; explicitFileType = wrapper.application; includeInIndex = 0; path = cyAliPaySDK.app; sourceTree = BUILT_PRODUCTS_DIR; };
		D7D2FB5E204503ED0082EFA3 /* AppDelegate.h */ = {isa = PBXFileReference; lastKnownFileType = sourcecode.c.h; path = AppDelegate.h; sourceTree = "<group>"; };
		D7D2FB5F204503ED0082EFA3 /* AppDelegate.m */ = {isa = PBXFileReference; lastKnownFileType = sourcecode.c.objc; path = AppDelegate.m; sourceTree = "<group>"; };
		D7D2FB61204503ED0082EFA3 /* ViewController.h */ = {isa = PBXFileReference; lastKnownFileType = sourcecode.c.h; path = ViewController.h; sourceTree = "<group>"; };
		D7D2FB62204503ED0082EFA3 /* ViewController.m */ = {isa = PBXFileReference; lastKnownFileType = sourcecode.c.objc; path = ViewController.m; sourceTree = "<group>"; };
		D7D2FB65204503ED0082EFA3 /* Base */ = {isa = PBXFileReference; lastKnownFileType = file.storyboard; name = Base; path = Base.lproj/Main.storyboard; sourceTree = "<group>"; };
		D7D2FB67204503ED0082EFA3 /* Assets.xcassets */ = {isa = PBXFileReference; lastKnownFileType = folder.assetcatalog; path = Assets.xcassets; sourceTree = "<group>"; };
		D7D2FB6A204503ED0082EFA3 /* Base */ = {isa = PBXFileReference; lastKnownFileType = file.storyboard; name = Base; path = Base.lproj/LaunchScreen.storyboard; sourceTree = "<group>"; };
		D7D2FB6C204503ED0082EFA3 /* Info.plist */ = {isa = PBXFileReference; lastKnownFileType = text.plist.xml; path = Info.plist; sourceTree = "<group>"; };
		D7D2FB6D204503ED0082EFA3 /* main.m */ = {isa = PBXFileReference; lastKnownFileType = sourcecode.c.objc; path = main.m; sourceTree = "<group>"; };
		D7D2FB73204503ED0082EFA3 /* cyAliPaySDKTests.xctest */ = {isa = PBXFileReference; explicitFileType = wrapper.cfbundle; includeInIndex = 0; path = cyAliPaySDKTests.xctest; sourceTree = BUILT_PRODUCTS_DIR; };
		D7D2FB77204503ED0082EFA3 /* cyAliPaySDKTests.m */ = {isa = PBXFileReference; lastKnownFileType = sourcecode.c.objc; path = cyAliPaySDKTests.m; sourceTree = "<group>"; };
		D7D2FB79204503ED0082EFA3 /* Info.plist */ = {isa = PBXFileReference; lastKnownFileType = text.plist.xml; path = Info.plist; sourceTree = "<group>"; };
		D7D2FB7E204503ED0082EFA3 /* cyAliPaySDKUITests.xctest */ = {isa = PBXFileReference; explicitFileType = wrapper.cfbundle; includeInIndex = 0; path = cyAliPaySDKUITests.xctest; sourceTree = BUILT_PRODUCTS_DIR; };
		D7D2FB82204503ED0082EFA3 /* cyAliPaySDKUITests.m */ = {isa = PBXFileReference; lastKnownFileType = sourcecode.c.objc; path = cyAliPaySDKUITests.m; sourceTree = "<group>"; };
		D7D2FB84204503ED0082EFA3 /* Info.plist */ = {isa = PBXFileReference; lastKnownFileType = text.plist.xml; path = Info.plist; sourceTree = "<group>"; };
		D7D2FB90204503FF0082EFA3 /* AlipaySDK.framework */ = {isa = PBXFileReference; lastKnownFileType = wrapper.framework; path = AlipaySDK.framework; sourceTree = "<group>"; };
		D7D2FB91204503FF0082EFA3 /* AlipaySDK.bundle */ = {isa = PBXFileReference; lastKnownFileType = "wrapper.plug-in"; path = AlipaySDK.bundle; sourceTree = "<group>"; };
		D7D2FB952045041D0082EFA3 /* libc++.tbd */ = {isa = PBXFileReference; lastKnownFileType = "sourcecode.text-based-dylib-definition"; name = "libc++.tbd"; path = "usr/lib/libc++.tbd"; sourceTree = SDKROOT; };
		D7D2FB97204504230082EFA3 /* libz.tbd */ = {isa = PBXFileReference; lastKnownFileType = "sourcecode.text-based-dylib-definition"; name = libz.tbd; path = usr/lib/libz.tbd; sourceTree = SDKROOT; };
		D7D2FB992045042B0082EFA3 /* SystemConfiguration.framework */ = {isa = PBXFileReference; lastKnownFileType = wrapper.framework; name = SystemConfiguration.framework; path = System/Library/Frameworks/SystemConfiguration.framework; sourceTree = SDKROOT; };
		D7D2FB9B2045043C0082EFA3 /* CoreTelephony.framework */ = {isa = PBXFileReference; lastKnownFileType = wrapper.framework; name = CoreTelephony.framework; path = System/Library/Frameworks/CoreTelephony.framework; sourceTree = SDKROOT; };
		D7D2FB9D204504460082EFA3 /* QuartzCore.framework */ = {isa = PBXFileReference; lastKnownFileType = wrapper.framework; name = QuartzCore.framework; path = System/Library/Frameworks/QuartzCore.framework; sourceTree = SDKROOT; };
		D7D2FB9F204504510082EFA3 /* CoreText.framework */ = {isa = PBXFileReference; lastKnownFileType = wrapper.framework; name = CoreText.framework; path = System/Library/Frameworks/CoreText.framework; sourceTree = SDKROOT; };
		D7D2FBA12045045A0082EFA3 /* CoreGraphics.framework */ = {isa = PBXFileReference; lastKnownFileType = wrapper.framework; name = CoreGraphics.framework; path = System/Library/Frameworks/CoreGraphics.framework; sourceTree = SDKROOT; };
		D7D2FBA3204504630082EFA3 /* UIKit.framework */ = {isa = PBXFileReference; lastKnownFileType = wrapper.framework; name = UIKit.framework; path = System/Library/Frameworks/UIKit.framework; sourceTree = SDKROOT; };
		D7D2FBA52045046C0082EFA3 /* Foundation.framework */ = {isa = PBXFileReference; lastKnownFileType = wrapper.framework; name = Foundation.framework; path = System/Library/Frameworks/Foundation.framework; sourceTree = SDKROOT; };
		D7D2FBA7204504730082EFA3 /* CFNetwork.framework */ = {isa = PBXFileReference; lastKnownFileType = wrapper.framework; name = CFNetwork.framework; path = System/Library/Frameworks/CFNetwork.framework; sourceTree = SDKROOT; };
		D7D2FBA92045047D0082EFA3 /* CoreMotion.framework */ = {isa = PBXFileReference; lastKnownFileType = wrapper.framework; name = CoreMotion.framework; path = System/Library/Frameworks/CoreMotion.framework; sourceTree = SDKROOT; };
		D7D2FBAC204504D00082EFA3 /* APRSASigner.h */ = {isa = PBXFileReference; fileEncoding = 4; lastKnownFileType = sourcecode.c.h; path = APRSASigner.h; sourceTree = "<group>"; };
		D7D2FBAD204504D00082EFA3 /* APRSASigner.m */ = {isa = PBXFileReference; fileEncoding = 4; lastKnownFileType = sourcecode.c.objc; path = APRSASigner.m; sourceTree = "<group>"; };
		D7D2FBAE204504D00082EFA3 /* openssl_wrapper.h */ = {isa = PBXFileReference; fileEncoding = 4; lastKnownFileType = sourcecode.c.h; path = openssl_wrapper.h; sourceTree = "<group>"; };
		D7D2FBAF204504D00082EFA3 /* openssl_wrapper.m */ = {isa = PBXFileReference; fileEncoding = 4; lastKnownFileType = sourcecode.c.objc; path = openssl_wrapper.m; sourceTree = "<group>"; };
		D7D2FBB2204505850082EFA3 /* libcrypto.a */ = {isa = PBXFileReference; lastKnownFileType = archive.ar; path = libcrypto.a; sourceTree = "<group>"; };
		D7D2FBB3204505850082EFA3 /* libssl.a */ = {isa = PBXFileReference; lastKnownFileType = archive.ar; path = libssl.a; sourceTree = "<group>"; };
		D7D2FBB82045063B0082EFA3 /* aes.h */ = {isa = PBXFileReference; fileEncoding = 4; lastKnownFileType = sourcecode.c.h; path = aes.h; sourceTree = "<group>"; };
		D7D2FBB92045063B0082EFA3 /* asn1.h */ = {isa = PBXFileReference; fileEncoding = 4; lastKnownFileType = sourcecode.c.h; path = asn1.h; sourceTree = "<group>"; };
		D7D2FBBA2045063B0082EFA3 /* asn1_mac.h */ = {isa = PBXFileReference; fileEncoding = 4; lastKnownFileType = sourcecode.c.h; path = asn1_mac.h; sourceTree = "<group>"; };
		D7D2FBBB2045063B0082EFA3 /* asn1t.h */ = {isa = PBXFileReference; fileEncoding = 4; lastKnownFileType = sourcecode.c.h; path = asn1t.h; sourceTree = "<group>"; };
		D7D2FBBC2045063B0082EFA3 /* bio.h */ = {isa = PBXFileReference; fileEncoding = 4; lastKnownFileType = sourcecode.c.h; path = bio.h; sourceTree = "<group>"; };
		D7D2FBBD2045063B0082EFA3 /* blowfish.h */ = {isa = PBXFileReference; fileEncoding = 4; lastKnownFileType = sourcecode.c.h; path = blowfish.h; sourceTree = "<group>"; };
		D7D2FBBE2045063B0082EFA3 /* bn.h */ = {isa = PBXFileReference; fileEncoding = 4; lastKnownFileType = sourcecode.c.h; path = bn.h; sourceTree = "<group>"; };
		D7D2FBBF2045063B0082EFA3 /* buffer.h */ = {isa = PBXFileReference; fileEncoding = 4; lastKnownFileType = sourcecode.c.h; path = buffer.h; sourceTree = "<group>"; };
		D7D2FBC02045063B0082EFA3 /* camellia.h */ = {isa = PBXFileReference; fileEncoding = 4; lastKnownFileType = sourcecode.c.h; path = camellia.h; sourceTree = "<group>"; };
		D7D2FBC12045063B0082EFA3 /* cast.h */ = {isa = PBXFileReference; fileEncoding = 4; lastKnownFileType = sourcecode.c.h; path = cast.h; sourceTree = "<group>"; };
		D7D2FBC22045063B0082EFA3 /* cmac.h */ = {isa = PBXFileReference; fileEncoding = 4; lastKnownFileType = sourcecode.c.h; path = cmac.h; sourceTree = "<group>"; };
		D7D2FBC32045063B0082EFA3 /* cms.h */ = {isa = PBXFileReference; fileEncoding = 4; lastKnownFileType = sourcecode.c.h; path = cms.h; sourceTree = "<group>"; };
		D7D2FBC42045063B0082EFA3 /* comp.h */ = {isa = PBXFileReference; fileEncoding = 4; lastKnownFileType = sourcecode.c.h; path = comp.h; sourceTree = "<group>"; };
		D7D2FBC52045063B0082EFA3 /* conf.h */ = {isa = PBXFileReference; fileEncoding = 4; lastKnownFileType = sourcecode.c.h; path = conf.h; sourceTree = "<group>"; };
		D7D2FBC62045063B0082EFA3 /* conf_api.h */ = {isa = PBXFileReference; fileEncoding = 4; lastKnownFileType = sourcecode.c.h; path = conf_api.h; sourceTree = "<group>"; };
		D7D2FBC72045063B0082EFA3 /* crypto.h */ = {isa = PBXFileReference; fileEncoding = 4; lastKnownFileType = sourcecode.c.h; path = crypto.h; sourceTree = "<group>"; };
		D7D2FBC82045063B0082EFA3 /* des.h */ = {isa = PBXFileReference; fileEncoding = 4; lastKnownFileType = sourcecode.c.h; path = des.h; sourceTree = "<group>"; };
		D7D2FBC92045063B0082EFA3 /* des_old.h */ = {isa = PBXFileReference; fileEncoding = 4; lastKnownFileType = sourcecode.c.h; path = des_old.h; sourceTree = "<group>"; };
		D7D2FBCA2045063B0082EFA3 /* dh.h */ = {isa = PBXFileReference; fileEncoding = 4; lastKnownFileType = sourcecode.c.h; path = dh.h; sourceTree = "<group>"; };
		D7D2FBCB2045063B0082EFA3 /* dsa.h */ = {isa = PBXFileReference; fileEncoding = 4; lastKnownFileType = sourcecode.c.h; path = dsa.h; sourceTree = "<group>"; };
		D7D2FBCC2045063B0082EFA3 /* dso.h */ = {isa = PBXFileReference; fileEncoding = 4; lastKnownFileType = sourcecode.c.h; path = dso.h; sourceTree = "<group>"; };
		D7D2FBCD2045063B0082EFA3 /* dtls1.h */ = {isa = PBXFileReference; fileEncoding = 4; lastKnownFileType = sourcecode.c.h; path = dtls1.h; sourceTree = "<group>"; };
		D7D2FBCE2045063B0082EFA3 /* e_os2.h */ = {isa = PBXFileReference; fileEncoding = 4; lastKnownFileType = sourcecode.c.h; path = e_os2.h; sourceTree = "<group>"; };
		D7D2FBCF2045063B0082EFA3 /* ebcdic.h */ = {isa = PBXFileReference; fileEncoding = 4; lastKnownFileType = sourcecode.c.h; path = ebcdic.h; sourceTree = "<group>"; };
		D7D2FBD02045063B0082EFA3 /* ec.h */ = {isa = PBXFileReference; fileEncoding = 4; lastKnownFileType = sourcecode.c.h; path = ec.h; sourceTree = "<group>"; };
		D7D2FBD12045063B0082EFA3 /* ecdh.h */ = {isa = PBXFileReference; fileEncoding = 4; lastKnownFileType = sourcecode.c.h; path = ecdh.h; sourceTree = "<group>"; };
		D7D2FBD22045063B0082EFA3 /* ecdsa.h */ = {isa = PBXFileReference; fileEncoding = 4; lastKnownFileType = sourcecode.c.h; path = ecdsa.h; sourceTree = "<group>"; };
		D7D2FBD32045063B0082EFA3 /* engine.h */ = {isa = PBXFileReference; fileEncoding = 4; lastKnownFileType = sourcecode.c.h; path = engine.h; sourceTree = "<group>"; };
		D7D2FBD42045063B0082EFA3 /* err.h */ = {isa = PBXFileReference; fileEncoding = 4; lastKnownFileType = sourcecode.c.h; path = err.h; sourceTree = "<group>"; };
		D7D2FBD52045063B0082EFA3 /* evp.h */ = {isa = PBXFileReference; fileEncoding = 4; lastKnownFileType = sourcecode.c.h; path = evp.h; sourceTree = "<group>"; };
		D7D2FBD62045063B0082EFA3 /* hmac.h */ = {isa = PBXFileReference; fileEncoding = 4; lastKnownFileType = sourcecode.c.h; path = hmac.h; sourceTree = "<group>"; };
		D7D2FBD72045063B0082EFA3 /* idea.h */ = {isa = PBXFileReference; fileEncoding = 4; lastKnownFileType = sourcecode.c.h; path = idea.h; sourceTree = "<group>"; };
		D7D2FBD82045063B0082EFA3 /* krb5_asn.h */ = {isa = PBXFileReference; fileEncoding = 4; lastKnownFileType = sourcecode.c.h; path = krb5_asn.h; sourceTree = "<group>"; };
		D7D2FBD92045063B0082EFA3 /* kssl.h */ = {isa = PBXFileReference; fileEncoding = 4; lastKnownFileType = sourcecode.c.h; path = kssl.h; sourceTree = "<group>"; };
		D7D2FBDA2045063B0082EFA3 /* lhash.h */ = {isa = PBXFileReference; fileEncoding = 4; lastKnownFileType = sourcecode.c.h; path = lhash.h; sourceTree = "<group>"; };
		D7D2FBDB2045063B0082EFA3 /* md4.h */ = {isa = PBXFileReference; fileEncoding = 4; lastKnownFileType = sourcecode.c.h; path = md4.h; sourceTree = "<group>"; };
		D7D2FBDC2045063B0082EFA3 /* md5.h */ = {isa = PBXFileReference; fileEncoding = 4; lastKnownFileType = sourcecode.c.h; path = md5.h; sourceTree = "<group>"; };
		D7D2FBDD2045063B0082EFA3 /* mdc2.h */ = {isa = PBXFileReference; fileEncoding = 4; lastKnownFileType = sourcecode.c.h; path = mdc2.h; sourceTree = "<group>"; };
		D7D2FBDE2045063B0082EFA3 /* modes.h */ = {isa = PBXFileReference; fileEncoding = 4; lastKnownFileType = sourcecode.c.h; path = modes.h; sourceTree = "<group>"; };
		D7D2FBDF2045063B0082EFA3 /* obj_mac.h */ = {isa = PBXFileReference; fileEncoding = 4; lastKnownFileType = sourcecode.c.h; path = obj_mac.h; sourceTree = "<group>"; };
		D7D2FBE02045063B0082EFA3 /* objects.h */ = {isa = PBXFileReference; fileEncoding = 4; lastKnownFileType = sourcecode.c.h; path = objects.h; sourceTree = "<group>"; };
		D7D2FBE12045063B0082EFA3 /* ocsp.h */ = {isa = PBXFileReference; fileEncoding = 4; lastKnownFileType = sourcecode.c.h; path = ocsp.h; sourceTree = "<group>"; };
		D7D2FBE22045063B0082EFA3 /* opensslconf.h */ = {isa = PBXFileReference; fileEncoding = 4; lastKnownFileType = sourcecode.c.h; path = opensslconf.h; sourceTree = "<group>"; };
		D7D2FBE32045063B0082EFA3 /* opensslv.h */ = {isa = PBXFileReference; fileEncoding = 4; lastKnownFileType = sourcecode.c.h; path = opensslv.h; sourceTree = "<group>"; };
		D7D2FBE42045063B0082EFA3 /* ossl_typ.h */ = {isa = PBXFileReference; fileEncoding = 4; lastKnownFileType = sourcecode.c.h; path = ossl_typ.h; sourceTree = "<group>"; };
		D7D2FBE52045063B0082EFA3 /* pem.h */ = {isa = PBXFileReference; fileEncoding = 4; lastKnownFileType = sourcecode.c.h; path = pem.h; sourceTree = "<group>"; };
		D7D2FBE62045063B0082EFA3 /* pem2.h */ = {isa = PBXFileReference; fileEncoding = 4; lastKnownFileType = sourcecode.c.h; path = pem2.h; sourceTree = "<group>"; };
		D7D2FBE72045063B0082EFA3 /* pkcs12.h */ = {isa = PBXFileReference; fileEncoding = 4; lastKnownFileType = sourcecode.c.h; path = pkcs12.h; sourceTree = "<group>"; };
		D7D2FBE82045063B0082EFA3 /* pkcs7.h */ = {isa = PBXFileReference; fileEncoding = 4; lastKnownFileType = sourcecode.c.h; path = pkcs7.h; sourceTree = "<group>"; };
		D7D2FBE92045063B0082EFA3 /* pqueue.h */ = {isa = PBXFileReference; fileEncoding = 4; lastKnownFileType = sourcecode.c.h; path = pqueue.h; sourceTree = "<group>"; };
		D7D2FBEA2045063B0082EFA3 /* rand.h */ = {isa = PBXFileReference; fileEncoding = 4; lastKnownFileType = sourcecode.c.h; path = rand.h; sourceTree = "<group>"; };
		D7D2FBEB2045063B0082EFA3 /* rc2.h */ = {isa = PBXFileReference; fileEncoding = 4; lastKnownFileType = sourcecode.c.h; path = rc2.h; sourceTree = "<group>"; };
		D7D2FBEC2045063B0082EFA3 /* rc4.h */ = {isa = PBXFileReference; fileEncoding = 4; lastKnownFileType = sourcecode.c.h; path = rc4.h; sourceTree = "<group>"; };
		D7D2FBED2045063B0082EFA3 /* ripemd.h */ = {isa = PBXFileReference; fileEncoding = 4; lastKnownFileType = sourcecode.c.h; path = ripemd.h; sourceTree = "<group>"; };
		D7D2FBEE2045063B0082EFA3 /* rsa.h */ = {isa = PBXFileReference; fileEncoding = 4; lastKnownFileType = sourcecode.c.h; path = rsa.h; sourceTree = "<group>"; };
		D7D2FBEF2045063B0082EFA3 /* safestack.h */ = {isa = PBXFileReference; fileEncoding = 4; lastKnownFileType = sourcecode.c.h; path = safestack.h; sourceTree = "<group>"; };
		D7D2FBF02045063B0082EFA3 /* seed.h */ = {isa = PBXFileReference; fileEncoding = 4; lastKnownFileType = sourcecode.c.h; path = seed.h; sourceTree = "<group>"; };
		D7D2FBF12045063B0082EFA3 /* sha.h */ = {isa = PBXFileReference; fileEncoding = 4; lastKnownFileType = sourcecode.c.h; path = sha.h; sourceTree = "<group>"; };
		D7D2FBF22045063B0082EFA3 /* srp.h */ = {isa = PBXFileReference; fileEncoding = 4; lastKnownFileType = sourcecode.c.h; path = srp.h; sourceTree = "<group>"; };
		D7D2FBF32045063B0082EFA3 /* srtp.h */ = {isa = PBXFileReference; fileEncoding = 4; lastKnownFileType = sourcecode.c.h; path = srtp.h; sourceTree = "<group>"; };
		D7D2FBF42045063B0082EFA3 /* ssl.h */ = {isa = PBXFileReference; fileEncoding = 4; lastKnownFileType = sourcecode.c.h; path = ssl.h; sourceTree = "<group>"; };
		D7D2FBF52045063B0082EFA3 /* ssl2.h */ = {isa = PBXFileReference; fileEncoding = 4; lastKnownFileType = sourcecode.c.h; path = ssl2.h; sourceTree = "<group>"; };
		D7D2FBF62045063B0082EFA3 /* ssl23.h */ = {isa = PBXFileReference; fileEncoding = 4; lastKnownFileType = sourcecode.c.h; path = ssl23.h; sourceTree = "<group>"; };
		D7D2FBF72045063B0082EFA3 /* ssl3.h */ = {isa = PBXFileReference; fileEncoding = 4; lastKnownFileType = sourcecode.c.h; path = ssl3.h; sourceTree = "<group>"; };
		D7D2FBF82045063B0082EFA3 /* stack.h */ = {isa = PBXFileReference; fileEncoding = 4; lastKnownFileType = sourcecode.c.h; path = stack.h; sourceTree = "<group>"; };
		D7D2FBF92045063B0082EFA3 /* symhacks.h */ = {isa = PBXFileReference; fileEncoding = 4; lastKnownFileType = sourcecode.c.h; path = symhacks.h; sourceTree = "<group>"; };
		D7D2FBFA2045063B0082EFA3 /* tls1.h */ = {isa = PBXFileReference; fileEncoding = 4; lastKnownFileType = sourcecode.c.h; path = tls1.h; sourceTree = "<group>"; };
		D7D2FBFB2045063B0082EFA3 /* ts.h */ = {isa = PBXFileReference; fileEncoding = 4; lastKnownFileType = sourcecode.c.h; path = ts.h; sourceTree = "<group>"; };
		D7D2FBFC2045063B0082EFA3 /* txt_db.h */ = {isa = PBXFileReference; fileEncoding = 4; lastKnownFileType = sourcecode.c.h; path = txt_db.h; sourceTree = "<group>"; };
		D7D2FBFD2045063B0082EFA3 /* ui.h */ = {isa = PBXFileReference; fileEncoding = 4; lastKnownFileType = sourcecode.c.h; path = ui.h; sourceTree = "<group>"; };
		D7D2FBFE2045063B0082EFA3 /* ui_compat.h */ = {isa = PBXFileReference; fileEncoding = 4; lastKnownFileType = sourcecode.c.h; path = ui_compat.h; sourceTree = "<group>"; };
		D7D2FBFF2045063B0082EFA3 /* whrlpool.h */ = {isa = PBXFileReference; fileEncoding = 4; lastKnownFileType = sourcecode.c.h; path = whrlpool.h; sourceTree = "<group>"; };
		D7D2FC002045063B0082EFA3 /* x509.h */ = {isa = PBXFileReference; fileEncoding = 4; lastKnownFileType = sourcecode.c.h; path = x509.h; sourceTree = "<group>"; };
		D7D2FC012045063B0082EFA3 /* x509_vfy.h */ = {isa = PBXFileReference; fileEncoding = 4; lastKnownFileType = sourcecode.c.h; path = x509_vfy.h; sourceTree = "<group>"; };
		D7D2FC022045063B0082EFA3 /* x509v3.h */ = {isa = PBXFileReference; fileEncoding = 4; lastKnownFileType = sourcecode.c.h; path = x509v3.h; sourceTree = "<group>"; };
		D7D2FC0920450B650082EFA3 /* APOrderInfo.h */ = {isa = PBXFileReference; fileEncoding = 4; lastKnownFileType = sourcecode.c.h; path = APOrderInfo.h; sourceTree = "<group>"; };
		D7D2FC0A20450B660082EFA3 /* APAuthInfo.h */ = {isa = PBXFileReference; fileEncoding = 4; lastKnownFileType = sourcecode.c.h; path = APAuthInfo.h; sourceTree = "<group>"; };
		D7D2FC0B20450B660082EFA3 /* APOrderInfo.m */ = {isa = PBXFileReference; fileEncoding = 4; lastKnownFileType = sourcecode.c.objc; path = APOrderInfo.m; sourceTree = "<group>"; };
		D7D2FC0C20450B660082EFA3 /* APAuthInfo.m */ = {isa = PBXFileReference; fileEncoding = 4; lastKnownFileType = sourcecode.c.objc; path = APAuthInfo.m; sourceTree = "<group>"; };
		D7D2FC11204538A80082EFA3 /* MOBFoundation.framework */ = {isa = PBXFileReference; lastKnownFileType = wrapper.framework; path = MOBFoundation.framework; sourceTree = "<group>"; };
		D7D2FC13204538A80082EFA3 /* ShareSDK.framework */ = {isa = PBXFileReference; lastKnownFileType = wrapper.framework; path = ShareSDK.framework; sourceTree = "<group>"; };
		D7D2FC16204538A80082EFA3 /* ShareSDKConfigFile.bundle */ = {isa = PBXFileReference; lastKnownFileType = "wrapper.plug-in"; path = ShareSDKConfigFile.bundle; sourceTree = "<group>"; };
		D7D2FC17204538A80082EFA3 /* ShareSDKConfigFile.framework */ = {isa = PBXFileReference; lastKnownFileType = wrapper.framework; path = ShareSDKConfigFile.framework; sourceTree = "<group>"; };
		D7D2FC18204538A80082EFA3 /* ShareSDKExtension.framework */ = {isa = PBXFileReference; lastKnownFileType = wrapper.framework; path = ShareSDKExtension.framework; sourceTree = "<group>"; };
		D7D2FC19204538A80082EFA3 /* ShareSDKUI.bundle */ = {isa = PBXFileReference; lastKnownFileType = "wrapper.plug-in"; path = ShareSDKUI.bundle; sourceTree = "<group>"; };
		D7D2FC1A204538A80082EFA3 /* ShareSDKUI.framework */ = {isa = PBXFileReference; lastKnownFileType = wrapper.framework; path = ShareSDKUI.framework; sourceTree = "<group>"; };
		D7D2FC1C204538A80082EFA3 /* AliPayConnector.framework */ = {isa = PBXFileReference; lastKnownFileType = wrapper.framework; path = AliPayConnector.framework; sourceTree = "<group>"; };
		D7D2FC1D204538A80082EFA3 /* CopyConnector.framework */ = {isa = PBXFileReference; lastKnownFileType = wrapper.framework; path = CopyConnector.framework; sourceTree = "<group>"; };
		D7D2FC1E204538A80082EFA3 /* DingTalkConnector.framework */ = {isa = PBXFileReference; lastKnownFileType = wrapper.framework; path = DingTalkConnector.framework; sourceTree = "<group>"; };
		D7D2FC1F204538A80082EFA3 /* DropboxConnector.framework */ = {isa = PBXFileReference; lastKnownFileType = wrapper.framework; path = DropboxConnector.framework; sourceTree = "<group>"; };
		D7D2FC20204538A80082EFA3 /* EvernoteConnector.framework */ = {isa = PBXFileReference; lastKnownFileType = wrapper.framework; path = EvernoteConnector.framework; sourceTree = "<group>"; };
		D7D2FC21204538A80082EFA3 /* FacebookConnector.framework */ = {isa = PBXFileReference; lastKnownFileType = wrapper.framework; path = FacebookConnector.framework; sourceTree = "<group>"; };
		D7D2FC22204538A80082EFA3 /* GooglePlusConnector.framework */ = {isa = PBXFileReference; lastKnownFileType = wrapper.framework; path = GooglePlusConnector.framework; sourceTree = "<group>"; };
		D7D2FC23204538A80082EFA3 /* InstagramConnector.framework */ = {isa = PBXFileReference; lastKnownFileType = wrapper.framework; path = InstagramConnector.framework; sourceTree = "<group>"; };
		D7D2FC24204538A80082EFA3 /* InstapaperConnector.framework */ = {isa = PBXFileReference; lastKnownFileType = wrapper.framework; path = InstapaperConnector.framework; sourceTree = "<group>"; };
		D7D2FC25204538A80082EFA3 /* KakaoConnector.framework */ = {isa = PBXFileReference; lastKnownFileType = wrapper.framework; path = KakaoConnector.framework; sourceTree = "<group>"; };
		D7D2FC26204538A80082EFA3 /* LineConnector.framework */ = {isa = PBXFileReference; lastKnownFileType = wrapper.framework; path = LineConnector.framework; sourceTree = "<group>"; };
		D7D2FC27204538A80082EFA3 /* MailConnector.framework */ = {isa = PBXFileReference; lastKnownFileType = wrapper.framework; path = MailConnector.framework; sourceTree = "<group>"; };
		D7D2FC28204538A80082EFA3 /* MeiPaiConnector.framework */ = {isa = PBXFileReference; lastKnownFileType = wrapper.framework; path = MeiPaiConnector.framework; sourceTree = "<group>"; };
		D7D2FC29204538A80082EFA3 /* PrintConnector.framework */ = {isa = PBXFileReference; lastKnownFileType = wrapper.framework; path = PrintConnector.framework; sourceTree = "<group>"; };
		D7D2FC2A204538A80082EFA3 /* QQConnector.framework */ = {isa = PBXFileReference; lastKnownFileType = wrapper.framework; path = QQConnector.framework; sourceTree = "<group>"; };
		D7D2FC2B204538A80082EFA3 /* RenrenConnector.framework */ = {isa = PBXFileReference; lastKnownFileType = wrapper.framework; path = RenrenConnector.framework; sourceTree = "<group>"; };
		D7D2FC2C204538A80082EFA3 /* SinaWeiboConnector.framework */ = {isa = PBXFileReference; lastKnownFileType = wrapper.framework; path = SinaWeiboConnector.framework; sourceTree = "<group>"; };
		D7D2FC2D204538A80082EFA3 /* SMSConnector.framework */ = {isa = PBXFileReference; lastKnownFileType = wrapper.framework; path = SMSConnector.framework; sourceTree = "<group>"; };
		D7D2FC2E204538A80082EFA3 /* TwitterConnector.framework */ = {isa = PBXFileReference; lastKnownFileType = wrapper.framework; path = TwitterConnector.framework; sourceTree = "<group>"; };
		D7D2FC2F204538A80082EFA3 /* WechatConnector.framework */ = {isa = PBXFileReference; lastKnownFileType = wrapper.framework; path = WechatConnector.framework; sourceTree = "<group>"; };
		D7D2FC30204538A80082EFA3 /* WhatsAppConnector.framework */ = {isa = PBXFileReference; lastKnownFileType = wrapper.framework; path = WhatsAppConnector.framework; sourceTree = "<group>"; };
		D7D2FC31204538A80082EFA3 /* YiXinConnector.framework */ = {isa = PBXFileReference; lastKnownFileType = wrapper.framework; path = YiXinConnector.framework; sourceTree = "<group>"; };
		D7D2FC32204538A80082EFA3 /* YouTubeConnector.framework */ = {isa = PBXFileReference; lastKnownFileType = wrapper.framework; path = YouTubeConnector.framework; sourceTree = "<group>"; };
		D7D2FC35204538A80082EFA3 /* APOpenAPI.h */ = {isa = PBXFileReference; fileEncoding = 4; lastKnownFileType = sourcecode.c.h; path = APOpenAPI.h; sourceTree = "<group>"; };
		D7D2FC36204538A80082EFA3 /* APOpenAPIObject.h */ = {isa = PBXFileReference; fileEncoding = 4; lastKnownFileType = sourcecode.c.h; path = APOpenAPIObject.h; sourceTree = "<group>"; };
		D7D2FC37204538A80082EFA3 /* libAPOpenSdk.a */ = {isa = PBXFileReference; lastKnownFileType = archive.ar; path = libAPOpenSdk.a; sourceTree = "<group>"; };
		D7D2FC38204538A80082EFA3 /* README.md */ = {isa = PBXFileReference; fileEncoding = 4; lastKnownFileType = net.daringfireball.markdown; path = README.md; sourceTree = "<group>"; };
		D7D2FC3A204538A80082EFA3 /* DTShareKit.framework */ = {isa = PBXFileReference; lastKnownFileType = wrapper.framework; path = DTShareKit.framework; sourceTree = "<group>"; };
		D7D2FC3C204538A80082EFA3 /* Bolts.framework */ = {isa = PBXFileReference; lastKnownFileType = wrapper.framework; path = Bolts.framework; sourceTree = "<group>"; };
		D7D2FC3D204538A80082EFA3 /* FBSDKCoreKit.framework */ = {isa = PBXFileReference; lastKnownFileType = wrapper.framework; path = FBSDKCoreKit.framework; sourceTree = "<group>"; };
		D7D2FC3E204538A80082EFA3 /* FBSDKMessengerShareKit.framework */ = {isa = PBXFileReference; lastKnownFileType = wrapper.framework; path = FBSDKMessengerShareKit.framework; sourceTree = "<group>"; };
		D7D2FC40204538A80082EFA3 /* KakaoOpenSDK.framework */ = {isa = PBXFileReference; lastKnownFileType = wrapper.framework; path = KakaoOpenSDK.framework; sourceTree = "<group>"; };
		D7D2FC42204538A80082EFA3 /* LineSDK.framework */ = {isa = PBXFileReference; lastKnownFileType = wrapper.framework; path = LineSDK.framework; sourceTree = "<group>"; };
		D7D2FC44204538A80082EFA3 /* MPShareSDK.framework */ = {isa = PBXFileReference; lastKnownFileType = wrapper.framework; path = MPShareSDK.framework; sourceTree = "<group>"; };
		D7D2FC46204538A80082EFA3 /* TencentOpenAPI.framework */ = {isa = PBXFileReference; lastKnownFileType = wrapper.framework; path = TencentOpenAPI.framework; sourceTree = "<group>"; };
		D7D2FC48204538A80082EFA3 /* RennSDK.bundle */ = {isa = PBXFileReference; lastKnownFileType = "wrapper.plug-in"; path = RennSDK.bundle; sourceTree = "<group>"; };
		D7D2FC49204538A80082EFA3 /* RennSDK.framework */ = {isa = PBXFileReference; lastKnownFileType = wrapper.framework; path = RennSDK.framework; sourceTree = "<group>"; };
		D7D2FC4B204538A80082EFA3 /* libWeiboSDK.a */ = {isa = PBXFileReference; lastKnownFileType = archive.ar; path = libWeiboSDK.a; sourceTree = "<group>"; };
		D7D2FC4C204538A80082EFA3 /* WBHttpRequest.h */ = {isa = PBXFileReference; fileEncoding = 4; lastKnownFileType = sourcecode.c.h; path = WBHttpRequest.h; sourceTree = "<group>"; };
		D7D2FC4D204538A80082EFA3 /* WeiboSDK.bundle */ = {isa = PBXFileReference; lastKnownFileType = "wrapper.plug-in"; path = WeiboSDK.bundle; sourceTree = "<group>"; };
		D7D2FC4E204538A80082EFA3 /* WeiboSDK.h */ = {isa = PBXFileReference; fileEncoding = 4; lastKnownFileType = sourcecode.c.h; path = WeiboSDK.h; sourceTree = "<group>"; };
		D7D2FC56204538A80082EFA3 /* libYixinSDK.a */ = {isa = PBXFileReference; lastKnownFileType = archive.ar; path = libYixinSDK.a; sourceTree = "<group>"; };
		D7D2FC57204538A80082EFA3 /* YXApi.h */ = {isa = PBXFileReference; fileEncoding = 4; lastKnownFileType = sourcecode.c.h; path = YXApi.h; sourceTree = "<group>"; };
		D7D2FC58204538A80082EFA3 /* YXApiObject.h */ = {isa = PBXFileReference; fileEncoding = 4; lastKnownFileType = sourcecode.c.h; path = YXApiObject.h; sourceTree = "<group>"; };
		D7D2FC5A204538A80082EFA3 /* ShareSDK.bundle */ = {isa = PBXFileReference; lastKnownFileType = "wrapper.plug-in"; path = ShareSDK.bundle; sourceTree = "<group>"; };
		D7D2FC5B204538A80082EFA3 /* ShareSDKConnector.framework */ = {isa = PBXFileReference; lastKnownFileType = wrapper.framework; path = ShareSDKConnector.framework; sourceTree = "<group>"; };
		D7D2FC8D204539250082EFA3 /* libicucore.tbd */ = {isa = PBXFileReference; lastKnownFileType = "sourcecode.text-based-dylib-definition"; name = libicucore.tbd; path = usr/lib/libicucore.tbd; sourceTree = SDKROOT; };
		D7D2FC8F2045392E0082EFA3 /* JavaScriptCore.framework */ = {isa = PBXFileReference; lastKnownFileType = wrapper.framework; name = JavaScriptCore.framework; path = System/Library/Frameworks/JavaScriptCore.framework; sourceTree = SDKROOT; };
		D7D2FC912045393A0082EFA3 /* libstdc++.tbd */ = {isa = PBXFileReference; lastKnownFileType = "sourcecode.text-based-dylib-definition"; name = "libstdc++.tbd"; path = "usr/lib/libstdc++.tbd"; sourceTree = SDKROOT; };
		D7D2FC932045394A0082EFA3 /* libsqlite3.tbd */ = {isa = PBXFileReference; lastKnownFileType = "sourcecode.text-based-dylib-definition"; name = libsqlite3.tbd; path = usr/lib/libsqlite3.tbd; sourceTree = SDKROOT; };
		D7D2FC952045395A0082EFA3 /* ImageIO.framework */ = {isa = PBXFileReference; lastKnownFileType = wrapper.framework; name = ImageIO.framework; path = System/Library/Frameworks/ImageIO.framework; sourceTree = SDKROOT; };
/* End PBXFileReference section */

/* Begin PBXFrameworksBuildPhase section */
		D7D2FB58204503ED0082EFA3 /* Frameworks */ = {
			isa = PBXFrameworksBuildPhase;
			buildActionMask = 2147483647;
			files = (
				D7D2FBA8204504730082EFA3 /* CFNetwork.framework in Frameworks */,
				D7D2FB9E204504460082EFA3 /* QuartzCore.framework in Frameworks */,
				D7D2FB98204504230082EFA3 /* libz.tbd in Frameworks */,
				D7D2FB9A2045042B0082EFA3 /* SystemConfiguration.framework in Frameworks */,
				D7D2FC962045395A0082EFA3 /* ImageIO.framework in Frameworks */,
				D7D2FC942045394A0082EFA3 /* libsqlite3.tbd in Frameworks */,
				D7D2FC922045393A0082EFA3 /* libstdc++.tbd in Frameworks */,
				D7D2FC902045392E0082EFA3 /* JavaScriptCore.framework in Frameworks */,
				D7D2FC8E204539250082EFA3 /* libicucore.tbd in Frameworks */,
				D7D2FC78204538A80082EFA3 /* YiXinConnector.framework in Frameworks */,
				D7D2FC5F204538A80082EFA3 /* ShareSDKConfigFile.framework in Frameworks */,
				D7D2FC68204538A80082EFA3 /* FacebookConnector.framework in Frameworks */,
				D7D2FBB4204505850082EFA3 /* libcrypto.a in Frameworks */,
				D7D2FC6B204538A80082EFA3 /* InstapaperConnector.framework in Frameworks */,
				D7D2FC69204538A80082EFA3 /* GooglePlusConnector.framework in Frameworks */,
				D7D2FC72204538A80082EFA3 /* RenrenConnector.framework in Frameworks */,
				D7D2FC83204538A80082EFA3 /* TencentOpenAPI.framework in Frameworks */,
				D7D2FC74204538A80082EFA3 /* SMSConnector.framework in Frameworks */,
				D7CB3DDB2049286A0049B20A /* libWeChatSDK.a in Frameworks */,
				D7D2FC76204538A80082EFA3 /* WechatConnector.framework in Frameworks */,
				D7D2FC66204538A80082EFA3 /* DropboxConnector.framework in Frameworks */,
				D7D2FC82204538A80082EFA3 /* MPShareSDK.framework in Frameworks */,
				D7D2FBB5204505850082EFA3 /* libssl.a in Frameworks */,
				D7D2FC64204538A80082EFA3 /* CopyConnector.framework in Frameworks */,
				D7D2FBAA2045047E0082EFA3 /* CoreMotion.framework in Frameworks */,
				D7D2FC6A204538A80082EFA3 /* InstagramConnector.framework in Frameworks */,
				D7D2FC70204538A80082EFA3 /* PrintConnector.framework in Frameworks */,
				D7D2FC7D204538A80082EFA3 /* Bolts.framework in Frameworks */,
				D7D2FC86204538A80082EFA3 /* libWeiboSDK.a in Frameworks */,
				D7D2FC7C204538A80082EFA3 /* DTShareKit.framework in Frameworks */,
				D7D2FC5D204538A80082EFA3 /* ShareSDK.framework in Frameworks */,
				D7D2FBA62045046C0082EFA3 /* Foundation.framework in Frameworks */,
				D7D2FC6E204538A80082EFA3 /* MailConnector.framework in Frameworks */,
				D7D2FC73204538A80082EFA3 /* SinaWeiboConnector.framework in Frameworks */,
				D7D2FC75204538A80082EFA3 /* TwitterConnector.framework in Frameworks */,
				D7D2FBA4204504630082EFA3 /* UIKit.framework in Frameworks */,
				D7D2FC7F204538A80082EFA3 /* FBSDKMessengerShareKit.framework in Frameworks */,
				D7D2FC6D204538A80082EFA3 /* LineConnector.framework in Frameworks */,
				D7D2FBA22045045A0082EFA3 /* CoreGraphics.framework in Frameworks */,
				D7D2FC8C204538A80082EFA3 /* ShareSDKConnector.framework in Frameworks */,
				D7D2FC62204538A80082EFA3 /* ShareSDKUI.framework in Frameworks */,
				D7D2FBA0204504510082EFA3 /* CoreText.framework in Frameworks */,
				D7D2FC80204538A80082EFA3 /* KakaoOpenSDK.framework in Frameworks */,
				D7D2FC65204538A80082EFA3 /* DingTalkConnector.framework in Frameworks */,
				D7D2FC6F204538A80082EFA3 /* MeiPaiConnector.framework in Frameworks */,
				D7D2FC63204538A80082EFA3 /* AliPayConnector.framework in Frameworks */,
				D7D2FB9C2045043C0082EFA3 /* CoreTelephony.framework in Frameworks */,
				D7D2FC79204538A80082EFA3 /* YouTubeConnector.framework in Frameworks */,
				D7D2FC67204538A80082EFA3 /* EvernoteConnector.framework in Frameworks */,
				D7D2FC6C204538A80082EFA3 /* KakaoConnector.framework in Frameworks */,
				D7D2FC77204538A80082EFA3 /* WhatsAppConnector.framework in Frameworks */,
				D7D2FC5C204538A80082EFA3 /* MOBFoundation.framework in Frameworks */,
				D7D2FB962045041D0082EFA3 /* libc++.tbd in Frameworks */,
				D7D2FB92204503FF0082EFA3 /* AlipaySDK.framework in Frameworks */,
				D7D2FC7A204538A80082EFA3 /* libAPOpenSdk.a in Frameworks */,
				D7D2FC81204538A80082EFA3 /* LineSDK.framework in Frameworks */,
				D7D2FC7E204538A80082EFA3 /* FBSDKCoreKit.framework in Frameworks */,
				D7D2FC71204538A80082EFA3 /* QQConnector.framework in Frameworks */,
				D7D2FC85204538A80082EFA3 /* RennSDK.framework in Frameworks */,
				D7D2FC60204538A80082EFA3 /* ShareSDKExtension.framework in Frameworks */,
				D7D2FC8A204538A80082EFA3 /* libYixinSDK.a in Frameworks */,
				59F8EC9F22E817D1CEDF0D1D /* libPods-cyAliPaySDK.a in Frameworks */,
			);
			runOnlyForDeploymentPostprocessing = 0;
		};
		D7D2FB70204503ED0082EFA3 /* Frameworks */ = {
			isa = PBXFrameworksBuildPhase;
			buildActionMask = 2147483647;
			files = (
			);
			runOnlyForDeploymentPostprocessing = 0;
		};
		D7D2FB7B204503ED0082EFA3 /* Frameworks */ = {
			isa = PBXFrameworksBuildPhase;
			buildActionMask = 2147483647;
			files = (
			);
			runOnlyForDeploymentPostprocessing = 0;
		};
/* End PBXFrameworksBuildPhase section */

/* Begin PBXGroup section */
		1509A02216C18E5DE6E616FD /* Pods */ = {
			isa = PBXGroup;
			children = (
				8CD1A189FDE0C6033A1037DC /* Pods-cyAliPaySDK.debug.xcconfig */,
				25A857EA592DDA5A45DA0ABD /* Pods-cyAliPaySDK.release.xcconfig */,
			);
			name = Pods;
			sourceTree = "<group>";
		};
		D7CB3DC92049286A0049B20A /* jkWeChatpay */ = {
			isa = PBXGroup;
			children = (
				D7CB3DCA2049286A0049B20A /* OpenSDK1.7.9 */,
				D7CB3DD02049286A0049B20A /* WechatTool */,
			);
			name = jkWeChatpay;
			path = cyAliPaySDK/jkWeChatpay;
			sourceTree = "<group>";
		};
		D7CB3DCA2049286A0049B20A /* OpenSDK1.7.9 */ = {
			isa = PBXGroup;
			children = (
				D7CB3DCB2049286A0049B20A /* libWeChatSDK.a */,
				D7CB3DCC2049286A0049B20A /* README.txt */,
				D7CB3DCD2049286A0049B20A /* WechatAuthSDK.h */,
				D7CB3DCE2049286A0049B20A /* WXApi.h */,
				D7CB3DCF2049286A0049B20A /* WXApiObject.h */,
			);
			path = OpenSDK1.7.9;
			sourceTree = "<group>";
		};
		D7CB3DD02049286A0049B20A /* WechatTool */ = {
			isa = PBXGroup;
			children = (
				D7CB3DD12049286A0049B20A /* JKApiManager.h */,
				D7CB3DD22049286A0049B20A /* JKApiManager.m */,
				D7CB3DD32049286A0049B20A /* JKWechatConfig.h */,
				D7CB3DD42049286A0049B20A /* JKWechatPayHandler.h */,
				D7CB3DD52049286A0049B20A /* JKWechatPayHandler.m */,
				D7CB3DD62049286A0049B20A /* JKWechatSignAdaptor.h */,
				D7CB3DD72049286A0049B20A /* JKWechatSignAdaptor.m */,
				D7CB3DD82049286A0049B20A /* XMLDictionary */,
			);
			path = WechatTool;
			sourceTree = "<group>";
		};
		D7CB3DD82049286A0049B20A /* XMLDictionary */ = {
			isa = PBXGroup;
			children = (
				D7CB3DD92049286A0049B20A /* XMLDictionary.h */,
				D7CB3DDA2049286A0049B20A /* XMLDictionary.m */,
			);
			path = XMLDictionary;
			sourceTree = "<group>";
		};
		D7D2FB52204503ED0082EFA3 = {
			isa = PBXGroup;
			children = (
				D7CB3DC92049286A0049B20A /* jkWeChatpay */,
				D7D2FC0F204538A80082EFA3 /* SDK */,
				D7D2FBB62045063B0082EFA3 /* Alipay */,
				D7D2FB91204503FF0082EFA3 /* AlipaySDK.bundle */,
				D7D2FB90204503FF0082EFA3 /* AlipaySDK.framework */,
				D7D2FB5D204503ED0082EFA3 /* cyAliPaySDK */,
				D7D2FB76204503ED0082EFA3 /* cyAliPaySDKTests */,
				D7D2FB81204503ED0082EFA3 /* cyAliPaySDKUITests */,
				D7D2FB5C204503ED0082EFA3 /* Products */,
				D7D2FB942045041D0082EFA3 /* Frameworks */,
				1509A02216C18E5DE6E616FD /* Pods */,
			);
			sourceTree = "<group>";
		};
		D7D2FB5C204503ED0082EFA3 /* Products */ = {
			isa = PBXGroup;
			children = (
				D7D2FB5B204503ED0082EFA3 /* cyAliPaySDK.app */,
				D7D2FB73204503ED0082EFA3 /* cyAliPaySDKTests.xctest */,
				D7D2FB7E204503ED0082EFA3 /* cyAliPaySDKUITests.xctest */,
			);
			name = Products;
			sourceTree = "<group>";
		};
		D7D2FB5D204503ED0082EFA3 /* cyAliPaySDK */ = {
			isa = PBXGroup;
			children = (
				D7D2FBAB204504D00082EFA3 /* Utils */,
				D7D2FC0A20450B660082EFA3 /* APAuthInfo.h */,
				D7D2FC0C20450B660082EFA3 /* APAuthInfo.m */,
				D7D2FC0920450B650082EFA3 /* APOrderInfo.h */,
				D7D2FC0B20450B660082EFA3 /* APOrderInfo.m */,
				D7D2FB5E204503ED0082EFA3 /* AppDelegate.h */,
				D7D2FB5F204503ED0082EFA3 /* AppDelegate.m */,
				D7D2FB61204503ED0082EFA3 /* ViewController.h */,
				D7D2FB62204503ED0082EFA3 /* ViewController.m */,
				D7D2FB64204503ED0082EFA3 /* Main.storyboard */,
				D7D2FB67204503ED0082EFA3 /* Assets.xcassets */,
				D7D2FB69204503ED0082EFA3 /* LaunchScreen.storyboard */,
				D7D2FB6C204503ED0082EFA3 /* Info.plist */,
				D7D2FB6D204503ED0082EFA3 /* main.m */,
				D7CB3DE120492BDE0049B20A /* JKWeChatPayPrefixHeader.pch */,
			);
			path = cyAliPaySDK;
			sourceTree = "<group>";
		};
		D7D2FB76204503ED0082EFA3 /* cyAliPaySDKTests */ = {
			isa = PBXGroup;
			children = (
				D7D2FB77204503ED0082EFA3 /* cyAliPaySDKTests.m */,
				D7D2FB79204503ED0082EFA3 /* Info.plist */,
			);
			path = cyAliPaySDKTests;
			sourceTree = "<group>";
		};
		D7D2FB81204503ED0082EFA3 /* cyAliPaySDKUITests */ = {
			isa = PBXGroup;
			children = (
				D7D2FB82204503ED0082EFA3 /* cyAliPaySDKUITests.m */,
				D7D2FB84204503ED0082EFA3 /* Info.plist */,
			);
			path = cyAliPaySDKUITests;
			sourceTree = "<group>";
		};
		D7D2FB942045041D0082EFA3 /* Frameworks */ = {
			isa = PBXGroup;
			children = (
				D7D2FC952045395A0082EFA3 /* ImageIO.framework */,
				D7D2FC932045394A0082EFA3 /* libsqlite3.tbd */,
				D7D2FC912045393A0082EFA3 /* libstdc++.tbd */,
				D7D2FC8F2045392E0082EFA3 /* JavaScriptCore.framework */,
				D7D2FC8D204539250082EFA3 /* libicucore.tbd */,
				D7D2FBB2204505850082EFA3 /* libcrypto.a */,
				D7D2FBB3204505850082EFA3 /* libssl.a */,
				D7D2FBA92045047D0082EFA3 /* CoreMotion.framework */,
				D7D2FBA7204504730082EFA3 /* CFNetwork.framework */,
				D7D2FBA52045046C0082EFA3 /* Foundation.framework */,
				D7D2FBA3204504630082EFA3 /* UIKit.framework */,
				D7D2FBA12045045A0082EFA3 /* CoreGraphics.framework */,
				D7D2FB9F204504510082EFA3 /* CoreText.framework */,
				D7D2FB9D204504460082EFA3 /* QuartzCore.framework */,
				D7D2FB9B2045043C0082EFA3 /* CoreTelephony.framework */,
				D7D2FB992045042B0082EFA3 /* SystemConfiguration.framework */,
				D7D2FB97204504230082EFA3 /* libz.tbd */,
				D7D2FB952045041D0082EFA3 /* libc++.tbd */,
				C70B09C206CCDD17EF663062 /* libPods-cyAliPaySDK.a */,
			);
			name = Frameworks;
			sourceTree = "<group>";
		};
		D7D2FBAB204504D00082EFA3 /* Utils */ = {
			isa = PBXGroup;
			children = (
				D7D2FBAC204504D00082EFA3 /* APRSASigner.h */,
				D7D2FBAD204504D00082EFA3 /* APRSASigner.m */,
				D7D2FBAE204504D00082EFA3 /* openssl_wrapper.h */,
				D7D2FBAF204504D00082EFA3 /* openssl_wrapper.m */,
			);
			path = Utils;
			sourceTree = "<group>";
		};
		D7D2FBB62045063B0082EFA3 /* Alipay */ = {
			isa = PBXGroup;
			children = (
				D7D2FBB72045063B0082EFA3 /* openssl */,
			);
			path = Alipay;
			sourceTree = "<group>";
		};
		D7D2FBB72045063B0082EFA3 /* openssl */ = {
			isa = PBXGroup;
			children = (
				D7D2FBB82045063B0082EFA3 /* aes.h */,
				D7D2FBB92045063B0082EFA3 /* asn1.h */,
				D7D2FBBA2045063B0082EFA3 /* asn1_mac.h */,
				D7D2FBBB2045063B0082EFA3 /* asn1t.h */,
				D7D2FBBC2045063B0082EFA3 /* bio.h */,
				D7D2FBBD2045063B0082EFA3 /* blowfish.h */,
				D7D2FBBE2045063B0082EFA3 /* bn.h */,
				D7D2FBBF2045063B0082EFA3 /* buffer.h */,
				D7D2FBC02045063B0082EFA3 /* camellia.h */,
				D7D2FBC12045063B0082EFA3 /* cast.h */,
				D7D2FBC22045063B0082EFA3 /* cmac.h */,
				D7D2FBC32045063B0082EFA3 /* cms.h */,
				D7D2FBC42045063B0082EFA3 /* comp.h */,
				D7D2FBC52045063B0082EFA3 /* conf.h */,
				D7D2FBC62045063B0082EFA3 /* conf_api.h */,
				D7D2FBC72045063B0082EFA3 /* crypto.h */,
				D7D2FBC82045063B0082EFA3 /* des.h */,
				D7D2FBC92045063B0082EFA3 /* des_old.h */,
				D7D2FBCA2045063B0082EFA3 /* dh.h */,
				D7D2FBCB2045063B0082EFA3 /* dsa.h */,
				D7D2FBCC2045063B0082EFA3 /* dso.h */,
				D7D2FBCD2045063B0082EFA3 /* dtls1.h */,
				D7D2FBCE2045063B0082EFA3 /* e_os2.h */,
				D7D2FBCF2045063B0082EFA3 /* ebcdic.h */,
				D7D2FBD02045063B0082EFA3 /* ec.h */,
				D7D2FBD12045063B0082EFA3 /* ecdh.h */,
				D7D2FBD22045063B0082EFA3 /* ecdsa.h */,
				D7D2FBD32045063B0082EFA3 /* engine.h */,
				D7D2FBD42045063B0082EFA3 /* err.h */,
				D7D2FBD52045063B0082EFA3 /* evp.h */,
				D7D2FBD62045063B0082EFA3 /* hmac.h */,
				D7D2FBD72045063B0082EFA3 /* idea.h */,
				D7D2FBD82045063B0082EFA3 /* krb5_asn.h */,
				D7D2FBD92045063B0082EFA3 /* kssl.h */,
				D7D2FBDA2045063B0082EFA3 /* lhash.h */,
				D7D2FBDB2045063B0082EFA3 /* md4.h */,
				D7D2FBDC2045063B0082EFA3 /* md5.h */,
				D7D2FBDD2045063B0082EFA3 /* mdc2.h */,
				D7D2FBDE2045063B0082EFA3 /* modes.h */,
				D7D2FBDF2045063B0082EFA3 /* obj_mac.h */,
				D7D2FBE02045063B0082EFA3 /* objects.h */,
				D7D2FBE12045063B0082EFA3 /* ocsp.h */,
				D7D2FBE22045063B0082EFA3 /* opensslconf.h */,
				D7D2FBE32045063B0082EFA3 /* opensslv.h */,
				D7D2FBE42045063B0082EFA3 /* ossl_typ.h */,
				D7D2FBE52045063B0082EFA3 /* pem.h */,
				D7D2FBE62045063B0082EFA3 /* pem2.h */,
				D7D2FBE72045063B0082EFA3 /* pkcs12.h */,
				D7D2FBE82045063B0082EFA3 /* pkcs7.h */,
				D7D2FBE92045063B0082EFA3 /* pqueue.h */,
				D7D2FBEA2045063B0082EFA3 /* rand.h */,
				D7D2FBEB2045063B0082EFA3 /* rc2.h */,
				D7D2FBEC2045063B0082EFA3 /* rc4.h */,
				D7D2FBED2045063B0082EFA3 /* ripemd.h */,
				D7D2FBEE2045063B0082EFA3 /* rsa.h */,
				D7D2FBEF2045063B0082EFA3 /* safestack.h */,
				D7D2FBF02045063B0082EFA3 /* seed.h */,
				D7D2FBF12045063B0082EFA3 /* sha.h */,
				D7D2FBF22045063B0082EFA3 /* srp.h */,
				D7D2FBF32045063B0082EFA3 /* srtp.h */,
				D7D2FBF42045063B0082EFA3 /* ssl.h */,
				D7D2FBF52045063B0082EFA3 /* ssl2.h */,
				D7D2FBF62045063B0082EFA3 /* ssl23.h */,
				D7D2FBF72045063B0082EFA3 /* ssl3.h */,
				D7D2FBF82045063B0082EFA3 /* stack.h */,
				D7D2FBF92045063B0082EFA3 /* symhacks.h */,
				D7D2FBFA2045063B0082EFA3 /* tls1.h */,
				D7D2FBFB2045063B0082EFA3 /* ts.h */,
				D7D2FBFC2045063B0082EFA3 /* txt_db.h */,
				D7D2FBFD2045063B0082EFA3 /* ui.h */,
				D7D2FBFE2045063B0082EFA3 /* ui_compat.h */,
				D7D2FBFF2045063B0082EFA3 /* whrlpool.h */,
				D7D2FC002045063B0082EFA3 /* x509.h */,
				D7D2FC012045063B0082EFA3 /* x509_vfy.h */,
				D7D2FC022045063B0082EFA3 /* x509v3.h */,
			);
			path = openssl;
			sourceTree = "<group>";
		};
		D7D2FC0F204538A80082EFA3 /* SDK */ = {
			isa = PBXGroup;
			children = (
				D7D2FC10204538A80082EFA3 /* Required */,
				D7D2FC12204538A80082EFA3 /* ShareSDK */,
			);
			path = SDK;
			sourceTree = "<group>";
		};
		D7D2FC10204538A80082EFA3 /* Required */ = {
			isa = PBXGroup;
			children = (
				D7D2FC11204538A80082EFA3 /* MOBFoundation.framework */,
			);
			path = Required;
			sourceTree = "<group>";
		};
		D7D2FC12204538A80082EFA3 /* ShareSDK */ = {
			isa = PBXGroup;
			children = (
				D7D2FC13204538A80082EFA3 /* ShareSDK.framework */,
				D7D2FC14204538A80082EFA3 /* Support */,
			);
			path = ShareSDK;
			sourceTree = "<group>";
		};
		D7D2FC14204538A80082EFA3 /* Support */ = {
			isa = PBXGroup;
			children = (
				D7D2FC15204538A80082EFA3 /* Optional */,
				D7D2FC1B204538A80082EFA3 /* PlatformConnector */,
				D7D2FC33204538A80082EFA3 /* PlatformSDK */,
				D7D2FC59204538A80082EFA3 /* Required */,
			);
			path = Support;
			sourceTree = "<group>";
		};
		D7D2FC15204538A80082EFA3 /* Optional */ = {
			isa = PBXGroup;
			children = (
				D7D2FC16204538A80082EFA3 /* ShareSDKConfigFile.bundle */,
				D7D2FC17204538A80082EFA3 /* ShareSDKConfigFile.framework */,
				D7D2FC18204538A80082EFA3 /* ShareSDKExtension.framework */,
				D7D2FC19204538A80082EFA3 /* ShareSDKUI.bundle */,
				D7D2FC1A204538A80082EFA3 /* ShareSDKUI.framework */,
			);
			path = Optional;
			sourceTree = "<group>";
		};
		D7D2FC1B204538A80082EFA3 /* PlatformConnector */ = {
			isa = PBXGroup;
			children = (
				D7D2FC1C204538A80082EFA3 /* AliPayConnector.framework */,
				D7D2FC1D204538A80082EFA3 /* CopyConnector.framework */,
				D7D2FC1E204538A80082EFA3 /* DingTalkConnector.framework */,
				D7D2FC1F204538A80082EFA3 /* DropboxConnector.framework */,
				D7D2FC20204538A80082EFA3 /* EvernoteConnector.framework */,
				D7D2FC21204538A80082EFA3 /* FacebookConnector.framework */,
				D7D2FC22204538A80082EFA3 /* GooglePlusConnector.framework */,
				D7D2FC23204538A80082EFA3 /* InstagramConnector.framework */,
				D7D2FC24204538A80082EFA3 /* InstapaperConnector.framework */,
				D7D2FC25204538A80082EFA3 /* KakaoConnector.framework */,
				D7D2FC26204538A80082EFA3 /* LineConnector.framework */,
				D7D2FC27204538A80082EFA3 /* MailConnector.framework */,
				D7D2FC28204538A80082EFA3 /* MeiPaiConnector.framework */,
				D7D2FC29204538A80082EFA3 /* PrintConnector.framework */,
				D7D2FC2A204538A80082EFA3 /* QQConnector.framework */,
				D7D2FC2B204538A80082EFA3 /* RenrenConnector.framework */,
				D7D2FC2C204538A80082EFA3 /* SinaWeiboConnector.framework */,
				D7D2FC2D204538A80082EFA3 /* SMSConnector.framework */,
				D7D2FC2E204538A80082EFA3 /* TwitterConnector.framework */,
				D7D2FC2F204538A80082EFA3 /* WechatConnector.framework */,
				D7D2FC30204538A80082EFA3 /* WhatsAppConnector.framework */,
				D7D2FC31204538A80082EFA3 /* YiXinConnector.framework */,
				D7D2FC32204538A80082EFA3 /* YouTubeConnector.framework */,
			);
			path = PlatformConnector;
			sourceTree = "<group>";
		};
		D7D2FC33204538A80082EFA3 /* PlatformSDK */ = {
			isa = PBXGroup;
			children = (
				D7D2FC34204538A80082EFA3 /* APSocialSDK */,
				D7D2FC39204538A80082EFA3 /* DingTalkSDK */,
				D7D2FC3B204538A80082EFA3 /* FacebookMessengerSDK */,
				D7D2FC3F204538A80082EFA3 /* KaKaoSDK */,
				D7D2FC41204538A80082EFA3 /* LineSDK */,
				D7D2FC43204538A80082EFA3 /* MPShareSDK */,
				D7D2FC45204538A80082EFA3 /* QQSDK */,
				D7D2FC47204538A80082EFA3 /* RenRenSDK */,
				D7D2FC4A204538A80082EFA3 /* SinaWeiboSDK */,
				D7D2FC55204538A80082EFA3 /* YiXinSDK */,
			);
			path = PlatformSDK;
			sourceTree = "<group>";
		};
		D7D2FC34204538A80082EFA3 /* APSocialSDK */ = {
			isa = PBXGroup;
			children = (
				D7D2FC35204538A80082EFA3 /* APOpenAPI.h */,
				D7D2FC36204538A80082EFA3 /* APOpenAPIObject.h */,
				D7D2FC37204538A80082EFA3 /* libAPOpenSdk.a */,
				D7D2FC38204538A80082EFA3 /* README.md */,
			);
			path = APSocialSDK;
			sourceTree = "<group>";
		};
		D7D2FC39204538A80082EFA3 /* DingTalkSDK */ = {
			isa = PBXGroup;
			children = (
				D7D2FC3A204538A80082EFA3 /* DTShareKit.framework */,
			);
			path = DingTalkSDK;
			sourceTree = "<group>";
		};
		D7D2FC3B204538A80082EFA3 /* FacebookMessengerSDK */ = {
			isa = PBXGroup;
			children = (
				D7D2FC3C204538A80082EFA3 /* Bolts.framework */,
				D7D2FC3D204538A80082EFA3 /* FBSDKCoreKit.framework */,
				D7D2FC3E204538A80082EFA3 /* FBSDKMessengerShareKit.framework */,
			);
			path = FacebookMessengerSDK;
			sourceTree = "<group>";
		};
		D7D2FC3F204538A80082EFA3 /* KaKaoSDK */ = {
			isa = PBXGroup;
			children = (
				D7D2FC40204538A80082EFA3 /* KakaoOpenSDK.framework */,
			);
			path = KaKaoSDK;
			sourceTree = "<group>";
		};
		D7D2FC41204538A80082EFA3 /* LineSDK */ = {
			isa = PBXGroup;
			children = (
				D7D2FC42204538A80082EFA3 /* LineSDK.framework */,
			);
			path = LineSDK;
			sourceTree = "<group>";
		};
		D7D2FC43204538A80082EFA3 /* MPShareSDK */ = {
			isa = PBXGroup;
			children = (
				D7D2FC44204538A80082EFA3 /* MPShareSDK.framework */,
			);
			path = MPShareSDK;
			sourceTree = "<group>";
		};
		D7D2FC45204538A80082EFA3 /* QQSDK */ = {
			isa = PBXGroup;
			children = (
				D7D2FC46204538A80082EFA3 /* TencentOpenAPI.framework */,
			);
			path = QQSDK;
			sourceTree = "<group>";
		};
		D7D2FC47204538A80082EFA3 /* RenRenSDK */ = {
			isa = PBXGroup;
			children = (
				D7D2FC48204538A80082EFA3 /* RennSDK.bundle */,
				D7D2FC49204538A80082EFA3 /* RennSDK.framework */,
			);
			path = RenRenSDK;
			sourceTree = "<group>";
		};
		D7D2FC4A204538A80082EFA3 /* SinaWeiboSDK */ = {
			isa = PBXGroup;
			children = (
				D7D2FC4B204538A80082EFA3 /* libWeiboSDK.a */,
				D7D2FC4C204538A80082EFA3 /* WBHttpRequest.h */,
				D7D2FC4D204538A80082EFA3 /* WeiboSDK.bundle */,
				D7D2FC4E204538A80082EFA3 /* WeiboSDK.h */,
			);
			path = SinaWeiboSDK;
			sourceTree = "<group>";
		};
		D7D2FC55204538A80082EFA3 /* YiXinSDK */ = {
			isa = PBXGroup;
			children = (
				D7D2FC56204538A80082EFA3 /* libYixinSDK.a */,
				D7D2FC57204538A80082EFA3 /* YXApi.h */,
				D7D2FC58204538A80082EFA3 /* YXApiObject.h */,
			);
			path = YiXinSDK;
			sourceTree = "<group>";
		};
		D7D2FC59204538A80082EFA3 /* Required */ = {
			isa = PBXGroup;
			children = (
				D7D2FC5A204538A80082EFA3 /* ShareSDK.bundle */,
				D7D2FC5B204538A80082EFA3 /* ShareSDKConnector.framework */,
			);
			path = Required;
			sourceTree = "<group>";
		};
/* End PBXGroup section */

/* Begin PBXNativeTarget section */
		D7D2FB5A204503ED0082EFA3 /* cyAliPaySDK */ = {
			isa = PBXNativeTarget;
			buildConfigurationList = D7D2FB87204503ED0082EFA3 /* Build configuration list for PBXNativeTarget "cyAliPaySDK" */;
			buildPhases = (
				2988C3AE53E54BE21161A74D /* [CP] Check Pods Manifest.lock */,
				D7D2FB57204503ED0082EFA3 /* Sources */,
				D7D2FB58204503ED0082EFA3 /* Frameworks */,
				D7D2FB59204503ED0082EFA3 /* Resources */,
				4F7A60041FC9B85A603C1F4C /* [CP] Embed Pods Frameworks */,
				349B2070B0D90075D9731FD6 /* [CP] Copy Pods Resources */,
			);
			buildRules = (
			);
			dependencies = (
			);
			name = cyAliPaySDK;
			productName = cyAliPaySDK;
			productReference = D7D2FB5B204503ED0082EFA3 /* cyAliPaySDK.app */;
			productType = "com.apple.product-type.application";
		};
		D7D2FB72204503ED0082EFA3 /* cyAliPaySDKTests */ = {
			isa = PBXNativeTarget;
			buildConfigurationList = D7D2FB8A204503ED0082EFA3 /* Build configuration list for PBXNativeTarget "cyAliPaySDKTests" */;
			buildPhases = (
				D7D2FB6F204503ED0082EFA3 /* Sources */,
				D7D2FB70204503ED0082EFA3 /* Frameworks */,
				D7D2FB71204503ED0082EFA3 /* Resources */,
			);
			buildRules = (
			);
			dependencies = (
				D7D2FB75204503ED0082EFA3 /* PBXTargetDependency */,
			);
			name = cyAliPaySDKTests;
			productName = cyAliPaySDKTests;
			productReference = D7D2FB73204503ED0082EFA3 /* cyAliPaySDKTests.xctest */;
			productType = "com.apple.product-type.bundle.unit-test";
		};
		D7D2FB7D204503ED0082EFA3 /* cyAliPaySDKUITests */ = {
			isa = PBXNativeTarget;
			buildConfigurationList = D7D2FB8D204503ED0082EFA3 /* Build configuration list for PBXNativeTarget "cyAliPaySDKUITests" */;
			buildPhases = (
				D7D2FB7A204503ED0082EFA3 /* Sources */,
				D7D2FB7B204503ED0082EFA3 /* Frameworks */,
				D7D2FB7C204503ED0082EFA3 /* Resources */,
			);
			buildRules = (
			);
			dependencies = (
				D7D2FB80204503ED0082EFA3 /* PBXTargetDependency */,
			);
			name = cyAliPaySDKUITests;
			productName = cyAliPaySDKUITests;
			productReference = D7D2FB7E204503ED0082EFA3 /* cyAliPaySDKUITests.xctest */;
			productType = "com.apple.product-type.bundle.ui-testing";
		};
/* End PBXNativeTarget section */

/* Begin PBXProject section */
		D7D2FB53204503ED0082EFA3 /* Project object */ = {
			isa = PBXProject;
			attributes = {
				LastUpgradeCheck = 0920;
				ORGANIZATIONNAME = "叶子";
				TargetAttributes = {
					D7D2FB5A204503ED0082EFA3 = {
						CreatedOnToolsVersion = 9.2;
						ProvisioningStyle = Automatic;
					};
					D7D2FB72204503ED0082EFA3 = {
						CreatedOnToolsVersion = 9.2;
						ProvisioningStyle = Automatic;
						TestTargetID = D7D2FB5A204503ED0082EFA3;
					};
					D7D2FB7D204503ED0082EFA3 = {
						CreatedOnToolsVersion = 9.2;
						ProvisioningStyle = Automatic;
						TestTargetID = D7D2FB5A204503ED0082EFA3;
					};
				};
			};
			buildConfigurationList = D7D2FB56204503ED0082EFA3 /* Build configuration list for PBXProject "cyAliPaySDK" */;
			compatibilityVersion = "Xcode 8.0";
			developmentRegion = en;
			hasScannedForEncodings = 0;
			knownRegions = (
				en,
				Base,
			);
			mainGroup = D7D2FB52204503ED0082EFA3;
			productRefGroup = D7D2FB5C204503ED0082EFA3 /* Products */;
			projectDirPath = "";
			projectRoot = "";
			targets = (
				D7D2FB5A204503ED0082EFA3 /* cyAliPaySDK */,
				D7D2FB72204503ED0082EFA3 /* cyAliPaySDKTests */,
				D7D2FB7D204503ED0082EFA3 /* cyAliPaySDKUITests */,
			);
		};
/* End PBXProject section */

/* Begin PBXResourcesBuildPhase section */
		D7D2FB59204503ED0082EFA3 /* Resources */ = {
			isa = PBXResourcesBuildPhase;
			buildActionMask = 2147483647;
			files = (
				D7D2FB6B204503ED0082EFA3 /* LaunchScreen.storyboard in Resources */,
				D7D2FB68204503ED0082EFA3 /* Assets.xcassets in Resources */,
				D7CB3DDC2049286A0049B20A /* README.txt in Resources */,
				D7D2FB93204503FF0082EFA3 /* AlipaySDK.bundle in Resources */,
				D7D2FC84204538A80082EFA3 /* RennSDK.bundle in Resources */,
				D7D2FC8B204538A80082EFA3 /* ShareSDK.bundle in Resources */,
				D7D2FC7B204538A80082EFA3 /* README.md in Resources */,
				D7D2FC87204538A80082EFA3 /* WeiboSDK.bundle in Resources */,
				D7D2FC5E204538A80082EFA3 /* ShareSDKConfigFile.bundle in Resources */,
				D7D2FC61204538A80082EFA3 /* ShareSDKUI.bundle in Resources */,
				D7D2FB66204503ED0082EFA3 /* Main.storyboard in Resources */,
			);
			runOnlyForDeploymentPostprocessing = 0;
		};
		D7D2FB71204503ED0082EFA3 /* Resources */ = {
			isa = PBXResourcesBuildPhase;
			buildActionMask = 2147483647;
			files = (
			);
			runOnlyForDeploymentPostprocessing = 0;
		};
		D7D2FB7C204503ED0082EFA3 /* Resources */ = {
			isa = PBXResourcesBuildPhase;
			buildActionMask = 2147483647;
			files = (
			);
			runOnlyForDeploymentPostprocessing = 0;
		};
/* End PBXResourcesBuildPhase section */

/* Begin PBXShellScriptBuildPhase section */
		2988C3AE53E54BE21161A74D /* [CP] Check Pods Manifest.lock */ = {
			isa = PBXShellScriptBuildPhase;
			buildActionMask = 2147483647;
			files = (
			);
			inputPaths = (
				"${PODS_PODFILE_DIR_PATH}/Podfile.lock",
				"${PODS_ROOT}/Manifest.lock",
			);
			name = "[CP] Check Pods Manifest.lock";
			outputPaths = (
				"$(DERIVED_FILE_DIR)/Pods-cyAliPaySDK-checkManifestLockResult.txt",
			);
			runOnlyForDeploymentPostprocessing = 0;
			shellPath = /bin/sh;
			shellScript = "diff \"${PODS_PODFILE_DIR_PATH}/Podfile.lock\" \"${PODS_ROOT}/Manifest.lock\" > /dev/null\nif [ $? != 0 ] ; then\n    # print error to STDERR\n    echo \"error: The sandbox is not in sync with the Podfile.lock. Run 'pod install' or update your CocoaPods installation.\" >&2\n    exit 1\nfi\n# This output is used by Xcode 'outputs' to avoid re-running this script phase.\necho \"SUCCESS\" > \"${SCRIPT_OUTPUT_FILE_0}\"\n";
			showEnvVarsInLog = 0;
		};
		349B2070B0D90075D9731FD6 /* [CP] Copy Pods Resources */ = {
			isa = PBXShellScriptBuildPhase;
			buildActionMask = 2147483647;
			files = (
			);
			inputPaths = (
			);
			name = "[CP] Copy Pods Resources";
			outputPaths = (
			);
			runOnlyForDeploymentPostprocessing = 0;
			shellPath = /bin/sh;
			shellScript = "\"${SRCROOT}/Pods/Target Support Files/Pods-cyAliPaySDK/Pods-cyAliPaySDK-resources.sh\"\n";
			showEnvVarsInLog = 0;
		};
		4F7A60041FC9B85A603C1F4C /* [CP] Embed Pods Frameworks */ = {
			isa = PBXShellScriptBuildPhase;
			buildActionMask = 2147483647;
			files = (
			);
			inputPaths = (
			);
			name = "[CP] Embed Pods Frameworks";
			outputPaths = (
			);
			runOnlyForDeploymentPostprocessing = 0;
			shellPath = /bin/sh;
			shellScript = "\"${SRCROOT}/Pods/Target Support Files/Pods-cyAliPaySDK/Pods-cyAliPaySDK-frameworks.sh\"\n";
			showEnvVarsInLog = 0;
		};
/* End PBXShellScriptBuildPhase section */

/* Begin PBXSourcesBuildPhase section */
		D7D2FB57204503ED0082EFA3 /* Sources */ = {
			isa = PBXSourcesBuildPhase;
			buildActionMask = 2147483647;
			files = (
				D7D2FB63204503ED0082EFA3 /* ViewController.m in Sources */,
				D7CB3DDF2049286A0049B20A /* JKWechatSignAdaptor.m in Sources */,
				D7D2FBB1204504D00082EFA3 /* openssl_wrapper.m in Sources */,
				D7D2FB6E204503ED0082EFA3 /* main.m in Sources */,
				D7CB3DDE2049286A0049B20A /* JKWechatPayHandler.m in Sources */,
				D7CB3DDD2049286A0049B20A /* JKApiManager.m in Sources */,
				D7D2FC0E20450B660082EFA3 /* APAuthInfo.m in Sources */,
				D7CB3DE02049286A0049B20A /* XMLDictionary.m in Sources */,
				D7D2FB60204503ED0082EFA3 /* AppDelegate.m in Sources */,
				D7D2FBB0204504D00082EFA3 /* APRSASigner.m in Sources */,
				D7D2FC0D20450B660082EFA3 /* APOrderInfo.m in Sources */,
			);
			runOnlyForDeploymentPostprocessing = 0;
		};
		D7D2FB6F204503ED0082EFA3 /* Sources */ = {
			isa = PBXSourcesBuildPhase;
			buildActionMask = 2147483647;
			files = (
				D7D2FB78204503ED0082EFA3 /* cyAliPaySDKTests.m in Sources */,
			);
			runOnlyForDeploymentPostprocessing = 0;
		};
		D7D2FB7A204503ED0082EFA3 /* Sources */ = {
			isa = PBXSourcesBuildPhase;
			buildActionMask = 2147483647;
			files = (
				D7D2FB83204503ED0082EFA3 /* cyAliPaySDKUITests.m in Sources */,
			);
			runOnlyForDeploymentPostprocessing = 0;
		};
/* End PBXSourcesBuildPhase section */

/* Begin PBXTargetDependency section */
		D7D2FB75204503ED0082EFA3 /* PBXTargetDependency */ = {
			isa = PBXTargetDependency;
			target = D7D2FB5A204503ED0082EFA3 /* cyAliPaySDK */;
			targetProxy = D7D2FB74204503ED0082EFA3 /* PBXContainerItemProxy */;
		};
		D7D2FB80204503ED0082EFA3 /* PBXTargetDependency */ = {
			isa = PBXTargetDependency;
			target = D7D2FB5A204503ED0082EFA3 /* cyAliPaySDK */;
			targetProxy = D7D2FB7F204503ED0082EFA3 /* PBXContainerItemProxy */;
		};
/* End PBXTargetDependency section */

/* Begin PBXVariantGroup section */
		D7D2FB64204503ED0082EFA3 /* Main.storyboard */ = {
			isa = PBXVariantGroup;
			children = (
				D7D2FB65204503ED0082EFA3 /* Base */,
			);
			name = Main.storyboard;
			sourceTree = "<group>";
		};
		D7D2FB69204503ED0082EFA3 /* LaunchScreen.storyboard */ = {
			isa = PBXVariantGroup;
			children = (
				D7D2FB6A204503ED0082EFA3 /* Base */,
			);
			name = LaunchScreen.storyboard;
			sourceTree = "<group>";
		};
/* End PBXVariantGroup section */

/* Begin XCBuildConfiguration section */
		D7D2FB85204503ED0082EFA3 /* Debug */ = {
			isa = XCBuildConfiguration;
			buildSettings = {
				ALWAYS_SEARCH_USER_PATHS = NO;
				CLANG_ANALYZER_NONNULL = YES;
				CLANG_ANALYZER_NUMBER_OBJECT_CONVERSION = YES_AGGRESSIVE;
				CLANG_CXX_LANGUAGE_STANDARD = "gnu++14";
				CLANG_CXX_LIBRARY = "libc++";
				CLANG_ENABLE_MODULES = YES;
				CLANG_ENABLE_OBJC_ARC = YES;
				CLANG_WARN_BLOCK_CAPTURE_AUTORELEASING = YES;
				CLANG_WARN_BOOL_CONVERSION = YES;
				CLANG_WARN_COMMA = YES;
				CLANG_WARN_CONSTANT_CONVERSION = YES;
				CLANG_WARN_DIRECT_OBJC_ISA_USAGE = YES_ERROR;
				CLANG_WARN_DOCUMENTATION_COMMENTS = YES;
				CLANG_WARN_EMPTY_BODY = YES;
				CLANG_WARN_ENUM_CONVERSION = YES;
				CLANG_WARN_INFINITE_RECURSION = YES;
				CLANG_WARN_INT_CONVERSION = YES;
				CLANG_WARN_NON_LITERAL_NULL_CONVERSION = YES;
				CLANG_WARN_OBJC_LITERAL_CONVERSION = YES;
				CLANG_WARN_OBJC_ROOT_CLASS = YES_ERROR;
				CLANG_WARN_RANGE_LOOP_ANALYSIS = YES;
				CLANG_WARN_STRICT_PROTOTYPES = YES;
				CLANG_WARN_SUSPICIOUS_MOVE = YES;
				CLANG_WARN_UNGUARDED_AVAILABILITY = YES_AGGRESSIVE;
				CLANG_WARN_UNREACHABLE_CODE = YES;
				CLANG_WARN__DUPLICATE_METHOD_MATCH = YES;
				CODE_SIGN_IDENTITY = "iPhone Developer";
				COPY_PHASE_STRIP = NO;
				DEBUG_INFORMATION_FORMAT = dwarf;
				ENABLE_STRICT_OBJC_MSGSEND = YES;
				ENABLE_TESTABILITY = YES;
				GCC_C_LANGUAGE_STANDARD = gnu11;
				GCC_DYNAMIC_NO_PIC = NO;
				GCC_NO_COMMON_BLOCKS = YES;
				GCC_OPTIMIZATION_LEVEL = 0;
				GCC_PREPROCESSOR_DEFINITIONS = (
					"DEBUG=1",
					"$(inherited)",
				);
				GCC_WARN_64_TO_32_BIT_CONVERSION = YES;
				GCC_WARN_ABOUT_RETURN_TYPE = YES_ERROR;
				GCC_WARN_UNDECLARED_SELECTOR = YES;
				GCC_WARN_UNINITIALIZED_AUTOS = YES_AGGRESSIVE;
				GCC_WARN_UNUSED_FUNCTION = YES;
				GCC_WARN_UNUSED_VARIABLE = YES;
				IPHONEOS_DEPLOYMENT_TARGET = 11.2;
				MTL_ENABLE_DEBUG_INFO = YES;
				ONLY_ACTIVE_ARCH = YES;
				SDKROOT = iphoneos;
			};
			name = Debug;
		};
		D7D2FB86204503ED0082EFA3 /* Release */ = {
			isa = XCBuildConfiguration;
			buildSettings = {
				ALWAYS_SEARCH_USER_PATHS = NO;
				CLANG_ANALYZER_NONNULL = YES;
				CLANG_ANALYZER_NUMBER_OBJECT_CONVERSION = YES_AGGRESSIVE;
				CLANG_CXX_LANGUAGE_STANDARD = "gnu++14";
				CLANG_CXX_LIBRARY = "libc++";
				CLANG_ENABLE_MODULES = YES;
				CLANG_ENABLE_OBJC_ARC = YES;
				CLANG_WARN_BLOCK_CAPTURE_AUTORELEASING = YES;
				CLANG_WARN_BOOL_CONVERSION = YES;
				CLANG_WARN_COMMA = YES;
				CLANG_WARN_CONSTANT_CONVERSION = YES;
				CLANG_WARN_DIRECT_OBJC_ISA_USAGE = YES_ERROR;
				CLANG_WARN_DOCUMENTATION_COMMENTS = YES;
				CLANG_WARN_EMPTY_BODY = YES;
				CLANG_WARN_ENUM_CONVERSION = YES;
				CLANG_WARN_INFINITE_RECURSION = YES;
				CLANG_WARN_INT_CONVERSION = YES;
				CLANG_WARN_NON_LITERAL_NULL_CONVERSION = YES;
				CLANG_WARN_OBJC_LITERAL_CONVERSION = YES;
				CLANG_WARN_OBJC_ROOT_CLASS = YES_ERROR;
				CLANG_WARN_RANGE_LOOP_ANALYSIS = YES;
				CLANG_WARN_STRICT_PROTOTYPES = YES;
				CLANG_WARN_SUSPICIOUS_MOVE = YES;
				CLANG_WARN_UNGUARDED_AVAILABILITY = YES_AGGRESSIVE;
				CLANG_WARN_UNREACHABLE_CODE = YES;
				CLANG_WARN__DUPLICATE_METHOD_MATCH = YES;
				CODE_SIGN_IDENTITY = "iPhone Developer";
				COPY_PHASE_STRIP = NO;
				DEBUG_INFORMATION_FORMAT = "dwarf-with-dsym";
				ENABLE_NS_ASSERTIONS = NO;
				ENABLE_STRICT_OBJC_MSGSEND = YES;
				GCC_C_LANGUAGE_STANDARD = gnu11;
				GCC_NO_COMMON_BLOCKS = YES;
				GCC_WARN_64_TO_32_BIT_CONVERSION = YES;
				GCC_WARN_ABOUT_RETURN_TYPE = YES_ERROR;
				GCC_WARN_UNDECLARED_SELECTOR = YES;
				GCC_WARN_UNINITIALIZED_AUTOS = YES_AGGRESSIVE;
				GCC_WARN_UNUSED_FUNCTION = YES;
				GCC_WARN_UNUSED_VARIABLE = YES;
				IPHONEOS_DEPLOYMENT_TARGET = 11.2;
				MTL_ENABLE_DEBUG_INFO = NO;
				SDKROOT = iphoneos;
				VALIDATE_PRODUCT = YES;
			};
			name = Release;
		};
		D7D2FB88204503ED0082EFA3 /* Debug */ = {
			isa = XCBuildConfiguration;
			baseConfigurationReference = 8CD1A189FDE0C6033A1037DC /* Pods-cyAliPaySDK.debug.xcconfig */;
			buildSettings = {
				ALWAYS_EMBED_SWIFT_STANDARD_LIBRARIES = "$(inherited)";
				ASSETCATALOG_COMPILER_APPICON_NAME = AppIcon;
				CODE_SIGN_STYLE = Automatic;
				DEVELOPMENT_TEAM = GRVNN93QGR;
				ENABLE_BITCODE = NO;
				FRAMEWORK_SEARCH_PATHS = (
					"$(inherited)",
					"$(PROJECT_DIR)",
					"$(PROJECT_DIR)/SDK/Required",
					"$(PROJECT_DIR)/SDK/ShareSDK",
					"$(PROJECT_DIR)/SDK/ShareSDK/Support/Optional",
					"$(PROJECT_DIR)/SDK/ShareSDK/Support/PlatformConnector",
					"$(PROJECT_DIR)/SDK/ShareSDK/Support/PlatformSDK/DingTalkSDK",
					"$(PROJECT_DIR)/SDK/ShareSDK/Support/PlatformSDK/FacebookMessengerSDK",
					"$(PROJECT_DIR)/SDK/ShareSDK/Support/PlatformSDK/KaKaoSDK",
					"$(PROJECT_DIR)/SDK/ShareSDK/Support/PlatformSDK/LineSDK",
					"$(PROJECT_DIR)/SDK/ShareSDK/Support/PlatformSDK/MPShareSDK",
					"$(PROJECT_DIR)/SDK/ShareSDK/Support/PlatformSDK/QQSDK",
					"$(PROJECT_DIR)/SDK/ShareSDK/Support/PlatformSDK/RenRenSDK",
					"$(PROJECT_DIR)/SDK/ShareSDK/Support/Required",
				);
				GCC_PREFIX_HEADER = /Users/yeyifeng/Desktop/cyAliPaySDK/cyAliPaySDK/JKWeChatPayPrefixHeader.pch;
				HEADER_SEARCH_PATHS = (
					"\"$(SRCROOT)/Alipay\"",
					"\"$(SRCROOT)/SDK\"",
					"$(inherited)",
				);
				INFOPLIST_FILE = cyAliPaySDK/Info.plist;
				LD_RUNPATH_SEARCH_PATHS = "$(inherited) @executable_path/Frameworks";
				LIBRARY_SEARCH_PATHS = (
					"$(inherited)",
					"$(PROJECT_DIR)",
					"$(PROJECT_DIR)/SDK/ShareSDK/Support/PlatformSDK/APSocialSDK",
					"$(PROJECT_DIR)/SDK/ShareSDK/Support/PlatformSDK/SinaWeiboSDK",
					"$(PROJECT_DIR)/SDK/ShareSDK/Support/PlatformSDK/YiXinSDK",
					"$(PROJECT_DIR)/jkWeChatpay/OpenSDK1.7.9",
					"$(PROJECT_DIR)/cyAliPaySDK/jkWeChatpay/OpenSDK1.7.9",
				);
				OTHER_LDFLAGS = (
					"-Objc",
					"$(inherited)",
				);
				PRODUCT_BUNDLE_IDENTIFIER = www.mumuwu.cyAliPaySDK;
				PRODUCT_NAME = "$(TARGET_NAME)";
				TARGETED_DEVICE_FAMILY = "1,2";
			};
			name = Debug;
		};
		D7D2FB89204503ED0082EFA3 /* Release */ = {
			isa = XCBuildConfiguration;
			baseConfigurationReference = 25A857EA592DDA5A45DA0ABD /* Pods-cyAliPaySDK.release.xcconfig */;
			buildSettings = {
				ALWAYS_EMBED_SWIFT_STANDARD_LIBRARIES = "$(inherited)";
				ASSETCATALOG_COMPILER_APPICON_NAME = AppIcon;
				CODE_SIGN_STYLE = Automatic;
				DEVELOPMENT_TEAM = GRVNN93QGR;
				ENABLE_BITCODE = NO;
				FRAMEWORK_SEARCH_PATHS = (
					"$(inherited)",
					"$(PROJECT_DIR)",
					"$(PROJECT_DIR)/SDK/Required",
					"$(PROJECT_DIR)/SDK/ShareSDK",
					"$(PROJECT_DIR)/SDK/ShareSDK/Support/Optional",
					"$(PROJECT_DIR)/SDK/ShareSDK/Support/PlatformConnector",
					"$(PROJECT_DIR)/SDK/ShareSDK/Support/PlatformSDK/DingTalkSDK",
					"$(PROJECT_DIR)/SDK/ShareSDK/Support/PlatformSDK/FacebookMessengerSDK",
					"$(PROJECT_DIR)/SDK/ShareSDK/Support/PlatformSDK/KaKaoSDK",
					"$(PROJECT_DIR)/SDK/ShareSDK/Support/PlatformSDK/LineSDK",
					"$(PROJECT_DIR)/SDK/ShareSDK/Support/PlatformSDK/MPShareSDK",
					"$(PROJECT_DIR)/SDK/ShareSDK/Support/PlatformSDK/QQSDK",
					"$(PROJECT_DIR)/SDK/ShareSDK/Support/PlatformSDK/RenRenSDK",
					"$(PROJECT_DIR)/SDK/ShareSDK/Support/Required",
				);
				GCC_PREFIX_HEADER = /Users/yeyifeng/Desktop/cyAliPaySDK/cyAliPaySDK/JKWeChatPayPrefixHeader.pch;
				HEADER_SEARCH_PATHS = (
					"\"$(SRCROOT)/Alipay\"",
					"\"$(SRCROOT)/SDK\"",
					"$(inherited)",
				);
				INFOPLIST_FILE = cyAliPaySDK/Info.plist;
				LD_RUNPATH_SEARCH_PATHS = "$(inherited) @executable_path/Frameworks";
				LIBRARY_SEARCH_PATHS = (
					"$(inherited)",
					"$(PROJECT_DIR)",
					"$(PROJECT_DIR)/SDK/ShareSDK/Support/PlatformSDK/APSocialSDK",
					"$(PROJECT_DIR)/SDK/ShareSDK/Support/PlatformSDK/SinaWeiboSDK",
					"$(PROJECT_DIR)/SDK/ShareSDK/Support/PlatformSDK/YiXinSDK",
					"$(PROJECT_DIR)/jkWeChatpay/OpenSDK1.7.9",
					"$(PROJECT_DIR)/cyAliPaySDK/jkWeChatpay/OpenSDK1.7.9",
				);
				OTHER_LDFLAGS = (
					"-Objc",
					"$(inherited)",
				);
				PRODUCT_BUNDLE_IDENTIFIER = www.mumuwu.cyAliPaySDK;
				PRODUCT_NAME = "$(TARGET_NAME)";
				TARGETED_DEVICE_FAMILY = "1,2";
			};
			name = Release;
		};
		D7D2FB8B204503ED0082EFA3 /* Debug */ = {
			isa = XCBuildConfiguration;
			buildSettings = {
				BUNDLE_LOADER = "$(TEST_HOST)";
				CODE_SIGN_STYLE = Automatic;
				DEVELOPMENT_TEAM = GRVNN93QGR;
				INFOPLIST_FILE = cyAliPaySDKTests/Info.plist;
				LD_RUNPATH_SEARCH_PATHS = "$(inherited) @executable_path/Frameworks @loader_path/Frameworks";
				PRODUCT_BUNDLE_IDENTIFIER = www.mumuwu.cyAliPaySDKTests;
				PRODUCT_NAME = "$(TARGET_NAME)";
				TARGETED_DEVICE_FAMILY = "1,2";
				TEST_HOST = "$(BUILT_PRODUCTS_DIR)/cyAliPaySDK.app/cyAliPaySDK";
			};
			name = Debug;
		};
		D7D2FB8C204503ED0082EFA3 /* Release */ = {
			isa = XCBuildConfiguration;
			buildSettings = {
				BUNDLE_LOADER = "$(TEST_HOST)";
				CODE_SIGN_STYLE = Automatic;
				DEVELOPMENT_TEAM = GRVNN93QGR;
				INFOPLIST_FILE = cyAliPaySDKTests/Info.plist;
				LD_RUNPATH_SEARCH_PATHS = "$(inherited) @executable_path/Frameworks @loader_path/Frameworks";
				PRODUCT_BUNDLE_IDENTIFIER = www.mumuwu.cyAliPaySDKTests;
				PRODUCT_NAME = "$(TARGET_NAME)";
				TARGETED_DEVICE_FAMILY = "1,2";
				TEST_HOST = "$(BUILT_PRODUCTS_DIR)/cyAliPaySDK.app/cyAliPaySDK";
			};
			name = Release;
		};
		D7D2FB8E204503ED0082EFA3 /* Debug */ = {
			isa = XCBuildConfiguration;
			buildSettings = {
				CODE_SIGN_STYLE = Automatic;
				DEVELOPMENT_TEAM = GRVNN93QGR;
				INFOPLIST_FILE = cyAliPaySDKUITests/Info.plist;
				LD_RUNPATH_SEARCH_PATHS = "$(inherited) @executable_path/Frameworks @loader_path/Frameworks";
				PRODUCT_BUNDLE_IDENTIFIER = www.mumuwu.cyAliPaySDKUITests;
				PRODUCT_NAME = "$(TARGET_NAME)";
				TARGETED_DEVICE_FAMILY = "1,2";
				TEST_TARGET_NAME = cyAliPaySDK;
			};
			name = Debug;
		};
		D7D2FB8F204503ED0082EFA3 /* Release */ = {
			isa = XCBuildConfiguration;
			buildSettings = {
				CODE_SIGN_STYLE = Automatic;
				DEVELOPMENT_TEAM = GRVNN93QGR;
				INFOPLIST_FILE = cyAliPaySDKUITests/Info.plist;
				LD_RUNPATH_SEARCH_PATHS = "$(inherited) @executable_path/Frameworks @loader_path/Frameworks";
				PRODUCT_BUNDLE_IDENTIFIER = www.mumuwu.cyAliPaySDKUITests;
				PRODUCT_NAME = "$(TARGET_NAME)";
				TARGETED_DEVICE_FAMILY = "1,2";
				TEST_TARGET_NAME = cyAliPaySDK;
			};
			name = Release;
		};
/* End XCBuildConfiguration section */

/* Begin XCConfigurationList section */
		D7D2FB56204503ED0082EFA3 /* Build configuration list for PBXProject "cyAliPaySDK" */ = {
			isa = XCConfigurationList;
			buildConfigurations = (
				D7D2FB85204503ED0082EFA3 /* Debug */,
				D7D2FB86204503ED0082EFA3 /* Release */,
			);
			defaultConfigurationIsVisible = 0;
			defaultConfigurationName = Release;
		};
		D7D2FB87204503ED0082EFA3 /* Build configuration list for PBXNativeTarget "cyAliPaySDK" */ = {
			isa = XCConfigurationList;
			buildConfigurations = (
				D7D2FB88204503ED0082EFA3 /* Debug */,
				D7D2FB89204503ED0082EFA3 /* Release */,
			);
			defaultConfigurationIsVisible = 0;
			defaultConfigurationName = Release;
		};
		D7D2FB8A204503ED0082EFA3 /* Build configuration list for PBXNativeTarget "cyAliPaySDKTests" */ = {
			isa = XCConfigurationList;
			buildConfigurations = (
				D7D2FB8B204503ED0082EFA3 /* Debug */,
				D7D2FB8C204503ED0082EFA3 /* Release */,
			);
			defaultConfigurationIsVisible = 0;
			defaultConfigurationName = Release;
		};
		D7D2FB8D204503ED0082EFA3 /* Build configuration list for PBXNativeTarget "cyAliPaySDKUITests" */ = {
			isa = XCConfigurationList;
			buildConfigurations = (
				D7D2FB8E204503ED0082EFA3 /* Debug */,
				D7D2FB8F204503ED0082EFA3 /* Release */,
			);
			defaultConfigurationIsVisible = 0;
			defaultConfigurationName = Release;
		};
/* End XCConfigurationList section */
	};
	rootObject = D7D2FB53204503ED0082EFA3 /* Project object */;
}
